// !$*UTF8*$!
{
	archiveVersion = 1;
	classes = {
	};
	objectVersion = 56;
	objects = {

/* Begin PBXBuildFile section */
		5F94ED882C3D38B000D39CC1 /* ChatWithGeminiApp.swift in Sources */ = {isa = PBXBuildFile; fileRef = 5F94ED872C3D38B000D39CC1 /* ChatWithGeminiApp.swift */; };
		5F94ED8A2C3D38B000D39CC1 /* ContentView.swift in Sources */ = {isa = PBXBuildFile; fileRef = 5F94ED892C3D38B000D39CC1 /* ContentView.swift */; };
		5F94ED8C2C3D38B200D39CC1 /* Assets.xcassets in Resources */ = {isa = PBXBuildFile; fileRef = 5F94ED8B2C3D38B200D39CC1 /* Assets.xcassets */; };
		5F94ED8F2C3D38B200D39CC1 /* Preview Assets.xcassets in Resources */ = {isa = PBXBuildFile; fileRef = 5F94ED8E2C3D38B200D39CC1 /* Preview Assets.xcassets */; };
		5F94ED992C3D3FE600D39CC1 /* GenerativeAI-Info.plist in Resources */ = {isa = PBXBuildFile; fileRef = 5F94ED982C3D3FE600D39CC1 /* GenerativeAI-Info.plist */; };
		5F94ED9B2C3D40FF00D39CC1 /* APIKey.swift in Sources */ = {isa = PBXBuildFile; fileRef = 5F94ED9A2C3D40FF00D39CC1 /* APIKey.swift */; };
		5F94EDA12C3D460000D39CC1 /* GoogleGenerativeAI in Frameworks */ = {isa = PBXBuildFile; productRef = 5F94EDA02C3D460000D39CC1 /* GoogleGenerativeAI */; };
		5F94EDA42C3D550E00D39CC1 /* WelcomeTitleView.swift in Sources */ = {isa = PBXBuildFile; fileRef = 5F94EDA32C3D550E00D39CC1 /* WelcomeTitleView.swift */; };
		5F94EDA62C3D557F00D39CC1 /* PromptFieldView.swift in Sources */ = {isa = PBXBuildFile; fileRef = 5F94EDA52C3D557F00D39CC1 /* PromptFieldView.swift */; };
/* End PBXBuildFile section */

/* Begin PBXFileReference section */
		5F94ED842C3D38B000D39CC1 /* ChatWithGemini.app */ = {isa = PBXFileReference; explicitFileType = wrapper.application; includeInIndex = 0; path = ChatWithGemini.app; sourceTree = BUILT_PRODUCTS_DIR; };
		5F94ED872C3D38B000D39CC1 /* ChatWithGeminiApp.swift */ = {isa = PBXFileReference; lastKnownFileType = sourcecode.swift; path = ChatWithGeminiApp.swift; sourceTree = "<group>"; };
		5F94ED892C3D38B000D39CC1 /* ContentView.swift */ = {isa = PBXFileReference; lastKnownFileType = sourcecode.swift; path = ContentView.swift; sourceTree = "<group>"; };
		5F94ED8B2C3D38B200D39CC1 /* Assets.xcassets */ = {isa = PBXFileReference; lastKnownFileType = folder.assetcatalog; path = Assets.xcassets; sourceTree = "<group>"; };
		5F94ED8E2C3D38B200D39CC1 /* Preview Assets.xcassets */ = {isa = PBXFileReference; lastKnownFileType = folder.assetcatalog; path = "Preview Assets.xcassets"; sourceTree = "<group>"; };
		5F94ED982C3D3FE600D39CC1 /* GenerativeAI-Info.plist */ = {isa = PBXFileReference; lastKnownFileType = text.plist.xml; path = "GenerativeAI-Info.plist"; sourceTree = "<group>"; };
		5F94ED9A2C3D40FF00D39CC1 /* APIKey.swift */ = {isa = PBXFileReference; lastKnownFileType = sourcecode.swift; path = APIKey.swift; sourceTree = "<group>"; };
		5F94EDA32C3D550E00D39CC1 /* WelcomeTitleView.swift */ = {isa = PBXFileReference; lastKnownFileType = sourcecode.swift; path = WelcomeTitleView.swift; sourceTree = "<group>"; };
		5F94EDA52C3D557F00D39CC1 /* PromptFieldView.swift */ = {isa = PBXFileReference; lastKnownFileType = sourcecode.swift; path = PromptFieldView.swift; sourceTree = "<group>"; };
/* End PBXFileReference section */

/* Begin PBXFrameworksBuildPhase section */
		5F94ED812C3D38B000D39CC1 /* Frameworks */ = {
			isa = PBXFrameworksBuildPhase;
			buildActionMask = 2147483647;
			files = (
				5F94EDA12C3D460000D39CC1 /* GoogleGenerativeAI in Frameworks */,
			);
			runOnlyForDeploymentPostprocessing = 0;
		};
/* End PBXFrameworksBuildPhase section */

/* Begin PBXGroup section */
		5F94ED7B2C3D38B000D39CC1 = {
			isa = PBXGroup;
			children = (
				5F94ED862C3D38B000D39CC1 /* ChatWithGemini */,
				5F94ED852C3D38B000D39CC1 /* Products */,
			);
			sourceTree = "<group>";
		};
		5F94ED852C3D38B000D39CC1 /* Products */ = {
			isa = PBXGroup;
			children = (
				5F94ED842C3D38B000D39CC1 /* ChatWithGemini.app */,
			);
			name = Products;
			sourceTree = "<group>";
		};
		5F94ED862C3D38B000D39CC1 /* ChatWithGemini */ = {
			isa = PBXGroup;
			children = (
				5F94EDA22C3D54E600D39CC1 /* Components */,
				5F94ED952C3D38E200D39CC1 /* App */,
				5F94ED962C3D38E800D39CC1 /* Assets */,
				5F94ED982C3D3FE600D39CC1 /* GenerativeAI-Info.plist */,
				5F94ED9C2C3D455600D39CC1 /* Model */,
				5F94ED8D2C3D38B200D39CC1 /* Preview Content */,
				5F94ED972C3D38EC00D39CC1 /* Root */,
			);
			path = ChatWithGemini;
			sourceTree = "<group>";
		};
		5F94ED8D2C3D38B200D39CC1 /* Preview Content */ = {
			isa = PBXGroup;
			children = (
				5F94ED8E2C3D38B200D39CC1 /* Preview Assets.xcassets */,
			);
			path = "Preview Content";
			sourceTree = "<group>";
		};
		5F94ED952C3D38E200D39CC1 /* App */ = {
			isa = PBXGroup;
			children = (
				5F94ED872C3D38B000D39CC1 /* ChatWithGeminiApp.swift */,
			);
			path = App;
			sourceTree = "<group>";
		};
		5F94ED962C3D38E800D39CC1 /* Assets */ = {
			isa = PBXGroup;
			children = (
				5F94ED8B2C3D38B200D39CC1 /* Assets.xcassets */,
			);
			path = Assets;
			sourceTree = "<group>";
		};
		5F94ED972C3D38EC00D39CC1 /* Root */ = {
			isa = PBXGroup;
			children = (
				5F94ED892C3D38B000D39CC1 /* ContentView.swift */,
			);
			path = Root;
			sourceTree = "<group>";
		};
		5F94ED9C2C3D455600D39CC1 /* Model */ = {
			isa = PBXGroup;
			children = (
				5F94ED9A2C3D40FF00D39CC1 /* APIKey.swift */,
			);
			path = Model;
			sourceTree = "<group>";
		};
		5F94EDA22C3D54E600D39CC1 /* Components */ = {
			isa = PBXGroup;
			children = (
				5F94EDA32C3D550E00D39CC1 /* WelcomeTitleView.swift */,
				5F94EDA52C3D557F00D39CC1 /* PromptFieldView.swift */,
			);
			path = Components;
			sourceTree = "<group>";
		};
/* End PBXGroup section */

/* Begin PBXNativeTarget section */
		5F94ED832C3D38B000D39CC1 /* ChatWithGemini */ = {
			isa = PBXNativeTarget;
			buildConfigurationList = 5F94ED922C3D38B200D39CC1 /* Build configuration list for PBXNativeTarget "ChatWithGemini" */;
			buildPhases = (
				5F94ED802C3D38B000D39CC1 /* Sources */,
				5F94ED812C3D38B000D39CC1 /* Frameworks */,
				5F94ED822C3D38B000D39CC1 /* Resources */,
			);
			buildRules = (
			);
			dependencies = (
			);
			name = ChatWithGemini;
			packageProductDependencies = (
				5F94EDA02C3D460000D39CC1 /* GoogleGenerativeAI */,
			);
			productName = ChatWithGemini;
			productReference = 5F94ED842C3D38B000D39CC1 /* ChatWithGemini.app */;
			productType = "com.apple.product-type.application";
		};
/* End PBXNativeTarget section */

/* Begin PBXProject section */
		5F94ED7C2C3D38B000D39CC1 /* Project object */ = {
			isa = PBXProject;
			attributes = {
				BuildIndependentTargetsInParallel = 1;
				LastSwiftUpdateCheck = 1540;
				LastUpgradeCheck = 1540;
				TargetAttributes = {
					5F94ED832C3D38B000D39CC1 = {
						CreatedOnToolsVersion = 15.4;
					};
				};
			};
			buildConfigurationList = 5F94ED7F2C3D38B000D39CC1 /* Build configuration list for PBXProject "ChatWithGemini" */;
			compatibilityVersion = "Xcode 14.0";
			developmentRegion = en;
			hasScannedForEncodings = 0;
			knownRegions = (
				en,
				Base,
			);
			mainGroup = 5F94ED7B2C3D38B000D39CC1;
			packageReferences = (
				5F94ED9F2C3D460000D39CC1 /* XCRemoteSwiftPackageReference "generative-ai-swift" */,
			);
			productRefGroup = 5F94ED852C3D38B000D39CC1 /* Products */;
			projectDirPath = "";
			projectRoot = "";
			targets = (
				5F94ED832C3D38B000D39CC1 /* ChatWithGemini */,
			);
		};
/* End PBXProject section */

/* Begin PBXResourcesBuildPhase section */
		5F94ED822C3D38B000D39CC1 /* Resources */ = {
			isa = PBXResourcesBuildPhase;
			buildActionMask = 2147483647;
			files = (
				5F94ED8F2C3D38B200D39CC1 /* Preview Assets.xcassets in Resources */,
				5F94ED8C2C3D38B200D39CC1 /* Assets.xcassets in Resources */,
				5F94ED992C3D3FE600D39CC1 /* GenerativeAI-Info.plist in Resources */,
			);
			runOnlyForDeploymentPostprocessing = 0;
		};
/* End PBXResourcesBuildPhase section */

/* Begin PBXSourcesBuildPhase section */
		5F94ED802C3D38B000D39CC1 /* Sources */ = {
			isa = PBXSourcesBuildPhase;
			buildActionMask = 2147483647;
			files = (
				5F94EDA62C3D557F00D39CC1 /* PromptFieldView.swift in Sources */,
				5F94ED8A2C3D38B000D39CC1 /* ContentView.swift in Sources */,
				5F94ED9B2C3D40FF00D39CC1 /* APIKey.swift in Sources */,
				5F94EDA42C3D550E00D39CC1 /* WelcomeTitleView.swift in Sources */,
				5F94ED882C3D38B000D39CC1 /* ChatWithGeminiApp.swift in Sources */,
			);
			runOnlyForDeploymentPostprocessing = 0;
		};
/* End PBXSourcesBuildPhase section */

/* Begin XCBuildConfiguration section */
		5F94ED902C3D38B200D39CC1 /* Debug */ = {
			isa = XCBuildConfiguration;
			buildSettings = {
				ALWAYS_SEARCH_USER_PATHS = NO;
				ASSETCATALOG_COMPILER_GENERATE_SWIFT_ASSET_SYMBOL_EXTENSIONS = YES;
				CLANG_ANALYZER_NONNULL = YES;
				CLANG_ANALYZER_NUMBER_OBJECT_CONVERSION = YES_AGGRESSIVE;
				CLANG_CXX_LANGUAGE_STANDARD = "gnu++20";
				CLANG_ENABLE_MODULES = YES;
				CLANG_ENABLE_OBJC_ARC = YES;
				CLANG_ENABLE_OBJC_WEAK = YES;
				CLANG_WARN_BLOCK_CAPTURE_AUTORELEASING = YES;
				CLANG_WARN_BOOL_CONVERSION = YES;
				CLANG_WARN_COMMA = YES;
				CLANG_WARN_CONSTANT_CONVERSION = YES;
				CLANG_WARN_DEPRECATED_OBJC_IMPLEMENTATIONS = YES;
				CLANG_WARN_DIRECT_OBJC_ISA_USAGE = YES_ERROR;
				CLANG_WARN_DOCUMENTATION_COMMENTS = YES;
				CLANG_WARN_EMPTY_BODY = YES;
				CLANG_WARN_ENUM_CONVERSION = YES;
				CLANG_WARN_INFINITE_RECURSION = YES;
				CLANG_WARN_INT_CONVERSION = YES;
				CLANG_WARN_NON_LITERAL_NULL_CONVERSION = YES;
				CLANG_WARN_OBJC_IMPLICIT_RETAIN_SELF = YES;
				CLANG_WARN_OBJC_LITERAL_CONVERSION = YES;
				CLANG_WARN_OBJC_ROOT_CLASS = YES_ERROR;
				CLANG_WARN_QUOTED_INCLUDE_IN_FRAMEWORK_HEADER = YES;
				CLANG_WARN_RANGE_LOOP_ANALYSIS = YES;
				CLANG_WARN_STRICT_PROTOTYPES = YES;
				CLANG_WARN_SUSPICIOUS_MOVE = YES;
				CLANG_WARN_UNGUARDED_AVAILABILITY = YES_AGGRESSIVE;
				CLANG_WARN_UNREACHABLE_CODE = YES;
				CLANG_WARN__DUPLICATE_METHOD_MATCH = YES;
				COPY_PHASE_STRIP = NO;
				DEBUG_INFORMATION_FORMAT = dwarf;
				ENABLE_STRICT_OBJC_MSGSEND = YES;
				ENABLE_TESTABILITY = YES;
				ENABLE_USER_SCRIPT_SANDBOXING = YES;
				GCC_C_LANGUAGE_STANDARD = gnu17;
				GCC_DYNAMIC_NO_PIC = NO;
				GCC_NO_COMMON_BLOCKS = YES;
				GCC_OPTIMIZATION_LEVEL = 0;
				GCC_PREPROCESSOR_DEFINITIONS = (
					"DEBUG=1",
					"$(inherited)",
				);
				GCC_WARN_64_TO_32_BIT_CONVERSION = YES;
				GCC_WARN_ABOUT_RETURN_TYPE = YES_ERROR;
				GCC_WARN_UNDECLARED_SELECTOR = YES;
				GCC_WARN_UNINITIALIZED_AUTOS = YES_AGGRESSIVE;
				GCC_WARN_UNUSED_FUNCTION = YES;
				GCC_WARN_UNUSED_VARIABLE = YES;
				IPHONEOS_DEPLOYMENT_TARGET = 17.5;
				LOCALIZATION_PREFERS_STRING_CATALOGS = YES;
				MTL_ENABLE_DEBUG_INFO = INCLUDE_SOURCE;
				MTL_FAST_MATH = YES;
				ONLY_ACTIVE_ARCH = YES;
				SDKROOT = iphoneos;
				SWIFT_ACTIVE_COMPILATION_CONDITIONS = "DEBUG $(inherited)";
				SWIFT_OPTIMIZATION_LEVEL = "-Onone";
			};
			name = Debug;
		};
		5F94ED912C3D38B200D39CC1 /* Release */ = {
			isa = XCBuildConfiguration;
			buildSettings = {
				ALWAYS_SEARCH_USER_PATHS = NO;
				ASSETCATALOG_COMPILER_GENERATE_SWIFT_ASSET_SYMBOL_EXTENSIONS = YES;
				CLANG_ANALYZER_NONNULL = YES;
				CLANG_ANALYZER_NUMBER_OBJECT_CONVERSION = YES_AGGRESSIVE;
				CLANG_CXX_LANGUAGE_STANDARD = "gnu++20";
				CLANG_ENABLE_MODULES = YES;
				CLANG_ENABLE_OBJC_ARC = YES;
				CLANG_ENABLE_OBJC_WEAK = YES;
				CLANG_WARN_BLOCK_CAPTURE_AUTORELEASING = YES;
				CLANG_WARN_BOOL_CONVERSION = YES;
				CLANG_WARN_COMMA = YES;
				CLANG_WARN_CONSTANT_CONVERSION = YES;
				CLANG_WARN_DEPRECATED_OBJC_IMPLEMENTATIONS = YES;
				CLANG_WARN_DIRECT_OBJC_ISA_USAGE = YES_ERROR;
				CLANG_WARN_DOCUMENTATION_COMMENTS = YES;
				CLANG_WARN_EMPTY_BODY = YES;
				CLANG_WARN_ENUM_CONVERSION = YES;
				CLANG_WARN_INFINITE_RECURSION = YES;
				CLANG_WARN_INT_CONVERSION = YES;
				CLANG_WARN_NON_LITERAL_NULL_CONVERSION = YES;
				CLANG_WARN_OBJC_IMPLICIT_RETAIN_SELF = YES;
				CLANG_WARN_OBJC_LITERAL_CONVERSION = YES;
				CLANG_WARN_OBJC_ROOT_CLASS = YES_ERROR;
				CLANG_WARN_QUOTED_INCLUDE_IN_FRAMEWORK_HEADER = YES;
				CLANG_WARN_RANGE_LOOP_ANALYSIS = YES;
				CLANG_WARN_STRICT_PROTOTYPES = YES;
				CLANG_WARN_SUSPICIOUS_MOVE = YES;
				CLANG_WARN_UNGUARDED_AVAILABILITY = YES_AGGRESSIVE;
				CLANG_WARN_UNREACHABLE_CODE = YES;
				CLANG_WARN__DUPLICATE_METHOD_MATCH = YES;
				COPY_PHASE_STRIP = NO;
				DEBUG_INFORMATION_FORMAT = "dwarf-with-dsym";
				ENABLE_NS_ASSERTIONS = NO;
				ENABLE_STRICT_OBJC_MSGSEND = YES;
				ENABLE_USER_SCRIPT_SANDBOXING = YES;
				GCC_C_LANGUAGE_STANDARD = gnu17;
				GCC_NO_COMMON_BLOCKS = YES;
				GCC_WARN_64_TO_32_BIT_CONVERSION = YES;
				GCC_WARN_ABOUT_RETURN_TYPE = YES_ERROR;
				GCC_WARN_UNDECLARED_SELECTOR = YES;
				GCC_WARN_UNINITIALIZED_AUTOS = YES_AGGRESSIVE;
				GCC_WARN_UNUSED_FUNCTION = YES;
				GCC_WARN_UNUSED_VARIABLE = YES;
				IPHONEOS_DEPLOYMENT_TARGET = 17.5;
				LOCALIZATION_PREFERS_STRING_CATALOGS = YES;
				MTL_ENABLE_DEBUG_INFO = NO;
				MTL_FAST_MATH = YES;
				SDKROOT = iphoneos;
				SWIFT_COMPILATION_MODE = wholemodule;
				VALIDATE_PRODUCT = YES;
			};
			name = Release;
		};
		5F94ED932C3D38B200D39CC1 /* Debug */ = {
			isa = XCBuildConfiguration;
			buildSettings = {
				ASSETCATALOG_COMPILER_APPICON_NAME = AppIcon;
				ASSETCATALOG_COMPILER_GLOBAL_ACCENT_COLOR_NAME = AccentColor;
				CODE_SIGN_STYLE = Automatic;
				CURRENT_PROJECT_VERSION = 1;
				DEVELOPMENT_ASSET_PATHS = "\"ChatWithGemini/Preview Content\"";
				ENABLE_PREVIEWS = YES;
				GENERATE_INFOPLIST_FILE = YES;
				INFOPLIST_KEY_UIApplicationSceneManifest_Generation = YES;
				INFOPLIST_KEY_UIApplicationSupportsIndirectInputEvents = YES;
				INFOPLIST_KEY_UILaunchScreen_Generation = YES;
				INFOPLIST_KEY_UISupportedInterfaceOrientations_iPad = "UIInterfaceOrientationPortrait UIInterfaceOrientationPortraitUpsideDown UIInterfaceOrientationLandscapeLeft UIInterfaceOrientationLandscapeRight";
				INFOPLIST_KEY_UISupportedInterfaceOrientations_iPhone = "UIInterfaceOrientationPortrait UIInterfaceOrientationLandscapeLeft UIInterfaceOrientationLandscapeRight";
				LD_RUNPATH_SEARCH_PATHS = (
					"$(inherited)",
					"@executable_path/Frameworks",
				);
				MARKETING_VERSION = 1.0;
				PRODUCT_BUNDLE_IDENTIFIER = com.lxmn.ChatWithGemini;
				PRODUCT_NAME = "$(TARGET_NAME)";
				SWIFT_EMIT_LOC_STRINGS = YES;
				SWIFT_VERSION = 5.0;
				TARGETED_DEVICE_FAMILY = "1,2";
			};
			name = Debug;
		};
		5F94ED942C3D38B200D39CC1 /* Release */ = {
			isa = XCBuildConfiguration;
			buildSettings = {
				ASSETCATALOG_COMPILER_APPICON_NAME = AppIcon;
				ASSETCATALOG_COMPILER_GLOBAL_ACCENT_COLOR_NAME = AccentColor;
				CODE_SIGN_STYLE = Automatic;
				CURRENT_PROJECT_VERSION = 1;
				DEVELOPMENT_ASSET_PATHS = "\"ChatWithGemini/Preview Content\"";
				ENABLE_PREVIEWS = YES;
				GENERATE_INFOPLIST_FILE = YES;
				INFOPLIST_KEY_UIApplicationSceneManifest_Generation = YES;
				INFOPLIST_KEY_UIApplicationSupportsIndirectInputEvents = YES;
				INFOPLIST_KEY_UILaunchScreen_Generation = YES;
				INFOPLIST_KEY_UISupportedInterfaceOrientations_iPad = "UIInterfaceOrientationPortrait UIInterfaceOrientationPortraitUpsideDown UIInterfaceOrientationLandscapeLeft UIInterfaceOrientationLandscapeRight";
				INFOPLIST_KEY_UISupportedInterfaceOrientations_iPhone = "UIInterfaceOrientationPortrait UIInterfaceOrientationLandscapeLeft UIInterfaceOrientationLandscapeRight";
				LD_RUNPATH_SEARCH_PATHS = (
					"$(inherited)",
					"@executable_path/Frameworks",
				);
				MARKETING_VERSION = 1.0;
				PRODUCT_BUNDLE_IDENTIFIER = com.lxmn.ChatWithGemini;
				PRODUCT_NAME = "$(TARGET_NAME)";
				SWIFT_EMIT_LOC_STRINGS = YES;
				SWIFT_VERSION = 5.0;
				TARGETED_DEVICE_FAMILY = "1,2";
			};
			name = Release;
		};
/* End XCBuildConfiguration section */

/* Begin XCConfigurationList section */
		5F94ED7F2C3D38B000D39CC1 /* Build configuration list for PBXProject "ChatWithGemini" */ = {
			isa = XCConfigurationList;
			buildConfigurations = (
				5F94ED902C3D38B200D39CC1 /* Debug */,
				5F94ED912C3D38B200D39CC1 /* Release */,
			);
			defaultConfigurationIsVisible = 0;
			defaultConfigurationName = Release;
		};
		5F94ED922C3D38B200D39CC1 /* Build configuration list for PBXNativeTarget "ChatWithGemini" */ = {
			isa = XCConfigurationList;
			buildConfigurations = (
				5F94ED932C3D38B200D39CC1 /* Debug */,
				5F94ED942C3D38B200D39CC1 /* Release */,
			);
			defaultConfigurationIsVisible = 0;
			defaultConfigurationName = Release;
		};
/* End XCConfigurationList section */

/* Begin XCRemoteSwiftPackageReference section */
		5F94ED9F2C3D460000D39CC1 /* XCRemoteSwiftPackageReference "generative-ai-swift" */ = {
			isa = XCRemoteSwiftPackageReference;
			repositoryURL = "https://github.com/google/generative-ai-swift";
			requirement = {
				kind = upToNextMajorVersion;
				minimumVersion = 0.5.4;
			};
		};
/* End XCRemoteSwiftPackageReference section */

/* Begin XCSwiftPackageProductDependency section */
		5F94EDA02C3D460000D39CC1 /* GoogleGenerativeAI */ = {
			isa = XCSwiftPackageProductDependency;
			package = 5F94ED9F2C3D460000D39CC1 /* XCRemoteSwiftPackageReference "generative-ai-swift" */;
			productName = GoogleGenerativeAI;
		};
/* End XCSwiftPackageProductDependency section */
	};
	rootObject = 5F94ED7C2C3D38B000D39CC1 /* Project object */;
}
