// !$*UTF8*$!
{
	archiveVersion = 1;
	classes = {
	};
	objectVersion = 56;
	objects = {

/* Begin PBXBuildFile section */
		5FC127E12B8D174900BE7D49 /* User_LoginApp.swift in Sources */ = {isa = PBXBuildFile; fileRef = 5FC127E02B8D174900BE7D49 /* User_LoginApp.swift */; };
		5FC127E32B8D174900BE7D49 /* ContentView.swift in Sources */ = {isa = PBXBuildFile; fileRef = 5FC127E22B8D174900BE7D49 /* ContentView.swift */; };
		5FC127E52B8D174B00BE7D49 /* Assets.xcassets in Resources */ = {isa = PBXBuildFile; fileRef = 5FC127E42B8D174B00BE7D49 /* Assets.xcassets */; };
		5FC127E82B8D174B00BE7D49 /* Preview Assets.xcassets in Resources */ = {isa = PBXBuildFile; fileRef = 5FC127E72B8D174B00BE7D49 /* Preview Assets.xcassets */; };
		5FC127F52B8D194900BE7D49 /* LoginView.swift in Sources */ = {isa = PBXBuildFile; fileRef = 5FC127F42B8D194900BE7D49 /* LoginView.swift */; };
		5FC127F82B8D1B1400BE7D49 /* InputView.swift in Sources */ = {isa = PBXBuildFile; fileRef = 5FC127F72B8D1B1400BE7D49 /* InputView.swift */; };
		5FC127FA2B8D218700BE7D49 /* RegistrationView.swift in Sources */ = {isa = PBXBuildFile; fileRef = 5FC127F92B8D218700BE7D49 /* RegistrationView.swift */; };
		5FC127FD2B8D25FB00BE7D49 /* ProfileView.swift in Sources */ = {isa = PBXBuildFile; fileRef = 5FC127FC2B8D25FB00BE7D49 /* ProfileView.swift */; };
		5FC127FF2B8D32D100BE7D49 /* SettingRowView.swift in Sources */ = {isa = PBXBuildFile; fileRef = 5FC127FE2B8D32D100BE7D49 /* SettingRowView.swift */; };
		5FC128012B8D36DC00BE7D49 /* User.swift in Sources */ = {isa = PBXBuildFile; fileRef = 5FC128002B8D36DC00BE7D49 /* User.swift */; };
/* End PBXBuildFile section */

/* Begin PBXFileReference section */
		5FC127DD2B8D174900BE7D49 /* User-Login.app */ = {isa = PBXFileReference; explicitFileType = wrapper.application; includeInIndex = 0; path = "User-Login.app"; sourceTree = BUILT_PRODUCTS_DIR; };
		5FC127E02B8D174900BE7D49 /* User_LoginApp.swift */ = {isa = PBXFileReference; lastKnownFileType = sourcecode.swift; path = User_LoginApp.swift; sourceTree = "<group>"; };
		5FC127E22B8D174900BE7D49 /* ContentView.swift */ = {isa = PBXFileReference; lastKnownFileType = sourcecode.swift; path = ContentView.swift; sourceTree = "<group>"; };
		5FC127E42B8D174B00BE7D49 /* Assets.xcassets */ = {isa = PBXFileReference; lastKnownFileType = folder.assetcatalog; path = Assets.xcassets; sourceTree = "<group>"; };
		5FC127E72B8D174B00BE7D49 /* Preview Assets.xcassets */ = {isa = PBXFileReference; lastKnownFileType = folder.assetcatalog; path = "Preview Assets.xcassets"; sourceTree = "<group>"; };
		5FC127F42B8D194900BE7D49 /* LoginView.swift */ = {isa = PBXFileReference; lastKnownFileType = sourcecode.swift; path = LoginView.swift; sourceTree = "<group>"; };
		5FC127F72B8D1B1400BE7D49 /* InputView.swift */ = {isa = PBXFileReference; lastKnownFileType = sourcecode.swift; path = InputView.swift; sourceTree = "<group>"; };
		5FC127F92B8D218700BE7D49 /* RegistrationView.swift */ = {isa = PBXFileReference; lastKnownFileType = sourcecode.swift; path = RegistrationView.swift; sourceTree = "<group>"; };
		5FC127FC2B8D25FB00BE7D49 /* ProfileView.swift */ = {isa = PBXFileReference; lastKnownFileType = sourcecode.swift; path = ProfileView.swift; sourceTree = "<group>"; };
		5FC127FE2B8D32D100BE7D49 /* SettingRowView.swift */ = {isa = PBXFileReference; lastKnownFileType = sourcecode.swift; path = SettingRowView.swift; sourceTree = "<group>"; };
		5FC128002B8D36DC00BE7D49 /* User.swift */ = {isa = PBXFileReference; lastKnownFileType = sourcecode.swift; path = User.swift; sourceTree = "<group>"; };
/* End PBXFileReference section */

/* Begin PBXFrameworksBuildPhase section */
		5FC127DA2B8D174900BE7D49 /* Frameworks */ = {
			isa = PBXFrameworksBuildPhase;
			buildActionMask = 2147483647;
			files = (
			);
			runOnlyForDeploymentPostprocessing = 0;
		};
/* End PBXFrameworksBuildPhase section */

/* Begin PBXGroup section */
		5FC127D42B8D174900BE7D49 = {
			isa = PBXGroup;
			children = (
				5FC127DF2B8D174900BE7D49 /* User-Login */,
				5FC127DE2B8D174900BE7D49 /* Products */,
			);
			sourceTree = "<group>";
		};
		5FC127DE2B8D174900BE7D49 /* Products */ = {
			isa = PBXGroup;
			children = (
				5FC127DD2B8D174900BE7D49 /* User-Login.app */,
			);
			name = Products;
			sourceTree = "<group>";
		};
		5FC127DF2B8D174900BE7D49 /* User-Login */ = {
			isa = PBXGroup;
			children = (
				5FC127EE2B8D177500BE7D49 /* App */,
				5FC127F02B8D179A00BE7D49 /* Assets */,
				5FC127F12B8D181700BE7D49 /* Models */,
				5FC127F22B8D186E00BE7D49 /* Root */,
				5FC127EF2B8D178400BE7D49 /* Views */,
				5FC127E62B8D174B00BE7D49 /* Preview Content */,
			);
			path = "User-Login";
			sourceTree = "<group>";
		};
		5FC127E62B8D174B00BE7D49 /* Preview Content */ = {
			isa = PBXGroup;
			children = (
				5FC127E72B8D174B00BE7D49 /* Preview Assets.xcassets */,
			);
			path = "Preview Content";
			sourceTree = "<group>";
		};
		5FC127EE2B8D177500BE7D49 /* App */ = {
			isa = PBXGroup;
			children = (
				5FC127E02B8D174900BE7D49 /* User_LoginApp.swift */,
			);
			path = App;
			sourceTree = "<group>";
		};
		5FC127EF2B8D178400BE7D49 /* Views */ = {
			isa = PBXGroup;
			children = (
				5FC127FB2B8D25E700BE7D49 /* Profile */,
				5FC127F62B8D1AFE00BE7D49 /* Components */,
				5FC127F32B8D192D00BE7D49 /* Authentication */,
			);
			path = Views;
			sourceTree = "<group>";
		};
		5FC127F02B8D179A00BE7D49 /* Assets */ = {
			isa = PBXGroup;
			children = (
				5FC127E42B8D174B00BE7D49 /* Assets.xcassets */,
			);
			path = Assets;
			sourceTree = "<group>";
		};
		5FC127F12B8D181700BE7D49 /* Models */ = {
			isa = PBXGroup;
			children = (
				5FC128002B8D36DC00BE7D49 /* User.swift */,
			);
			path = Models;
			sourceTree = "<group>";
		};
		5FC127F22B8D186E00BE7D49 /* Root */ = {
			isa = PBXGroup;
			children = (
				5FC127E22B8D174900BE7D49 /* ContentView.swift */,
			);
			path = Root;
			sourceTree = "<group>";
		};
		5FC127F32B8D192D00BE7D49 /* Authentication */ = {
			isa = PBXGroup;
			children = (
				5FC127F42B8D194900BE7D49 /* LoginView.swift */,
				5FC127F92B8D218700BE7D49 /* RegistrationView.swift */,
			);
			path = Authentication;
			sourceTree = "<group>";
		};
		5FC127F62B8D1AFE00BE7D49 /* Components */ = {
			isa = PBXGroup;
			children = (
				5FC127F72B8D1B1400BE7D49 /* InputView.swift */,
				5FC127FE2B8D32D100BE7D49 /* SettingRowView.swift */,
			);
			path = Components;
			sourceTree = "<group>";
		};
		5FC127FB2B8D25E700BE7D49 /* Profile */ = {
			isa = PBXGroup;
			children = (
				5FC127FC2B8D25FB00BE7D49 /* ProfileView.swift */,
			);
			path = Profile;
			sourceTree = "<group>";
		};
/* End PBXGroup section */

/* Begin PBXNativeTarget section */
		5FC127DC2B8D174900BE7D49 /* User-Login */ = {
			isa = PBXNativeTarget;
			buildConfigurationList = 5FC127EB2B8D174B00BE7D49 /* Build configuration list for PBXNativeTarget "User-Login" */;
			buildPhases = (
				5FC127D92B8D174900BE7D49 /* Sources */,
				5FC127DA2B8D174900BE7D49 /* Frameworks */,
				5FC127DB2B8D174900BE7D49 /* Resources */,
			);
			buildRules = (
			);
			dependencies = (
			);
			name = "User-Login";
			productName = "User-Login";
			productReference = 5FC127DD2B8D174900BE7D49 /* User-Login.app */;
			productType = "com.apple.product-type.application";
		};
/* End PBXNativeTarget section */

/* Begin PBXProject section */
		5FC127D52B8D174900BE7D49 /* Project object */ = {
			isa = PBXProject;
			attributes = {
				BuildIndependentTargetsInParallel = 1;
				LastSwiftUpdateCheck = 1520;
				LastUpgradeCheck = 1520;
				TargetAttributes = {
					5FC127DC2B8D174900BE7D49 = {
						CreatedOnToolsVersion = 15.2;
					};
				};
			};
			buildConfigurationList = 5FC127D82B8D174900BE7D49 /* Build configuration list for PBXProject "User-Login" */;
			compatibilityVersion = "Xcode 14.0";
			developmentRegion = en;
			hasScannedForEncodings = 0;
			knownRegions = (
				en,
				Base,
			);
			mainGroup = 5FC127D42B8D174900BE7D49;
			productRefGroup = 5FC127DE2B8D174900BE7D49 /* Products */;
			projectDirPath = "";
			projectRoot = "";
			targets = (
				5FC127DC2B8D174900BE7D49 /* User-Login */,
			);
		};
/* End PBXProject section */

/* Begin PBXResourcesBuildPhase section */
		5FC127DB2B8D174900BE7D49 /* Resources */ = {
			isa = PBXResourcesBuildPhase;
			buildActionMask = 2147483647;
			files = (
				5FC127E82B8D174B00BE7D49 /* Preview Assets.xcassets in Resources */,
				5FC127E52B8D174B00BE7D49 /* Assets.xcassets in Resources */,
			);
			runOnlyForDeploymentPostprocessing = 0;
		};
/* End PBXResourcesBuildPhase section */

/* Begin PBXSourcesBuildPhase section */
		5FC127D92B8D174900BE7D49 /* Sources */ = {
			isa = PBXSourcesBuildPhase;
			buildActionMask = 2147483647;
			files = (
				5FC127F52B8D194900BE7D49 /* LoginView.swift in Sources */,
				5FC127F82B8D1B1400BE7D49 /* InputView.swift in Sources */,
				5FC127FF2B8D32D100BE7D49 /* SettingRowView.swift in Sources */,
				5FC127E32B8D174900BE7D49 /* ContentView.swift in Sources */,
				5FC128012B8D36DC00BE7D49 /* User.swift in Sources */,
				5FC127E12B8D174900BE7D49 /* User_LoginApp.swift in Sources */,
				5FC127FD2B8D25FB00BE7D49 /* ProfileView.swift in Sources */,
				5FC127FA2B8D218700BE7D49 /* RegistrationView.swift in Sources */,
			);
			runOnlyForDeploymentPostprocessing = 0;
		};
/* End PBXSourcesBuildPhase section */

/* Begin XCBuildConfiguration section */
		5FC127E92B8D174B00BE7D49 /* Debug */ = {
			isa = XCBuildConfiguration;
			buildSettings = {
				ALWAYS_SEARCH_USER_PATHS = NO;
				ASSETCATALOG_COMPILER_GENERATE_SWIFT_ASSET_SYMBOL_EXTENSIONS = YES;
				CLANG_ANALYZER_NONNULL = YES;
				CLANG_ANALYZER_NUMBER_OBJECT_CONVERSION = YES_AGGRESSIVE;
				CLANG_CXX_LANGUAGE_STANDARD = "gnu++20";
				CLANG_ENABLE_MODULES = YES;
				CLANG_ENABLE_OBJC_ARC = YES;
				CLANG_ENABLE_OBJC_WEAK = YES;
				CLANG_WARN_BLOCK_CAPTURE_AUTORELEASING = YES;
				CLANG_WARN_BOOL_CONVERSION = YES;
				CLANG_WARN_COMMA = YES;
				CLANG_WARN_CONSTANT_CONVERSION = YES;
				CLANG_WARN_DEPRECATED_OBJC_IMPLEMENTATIONS = YES;
				CLANG_WARN_DIRECT_OBJC_ISA_USAGE = YES_ERROR;
				CLANG_WARN_DOCUMENTATION_COMMENTS = YES;
				CLANG_WARN_EMPTY_BODY = YES;
				CLANG_WARN_ENUM_CONVERSION = YES;
				CLANG_WARN_INFINITE_RECURSION = YES;
				CLANG_WARN_INT_CONVERSION = YES;
				CLANG_WARN_NON_LITERAL_NULL_CONVERSION = YES;
				CLANG_WARN_OBJC_IMPLICIT_RETAIN_SELF = YES;
				CLANG_WARN_OBJC_LITERAL_CONVERSION = YES;
				CLANG_WARN_OBJC_ROOT_CLASS = YES_ERROR;
				CLANG_WARN_QUOTED_INCLUDE_IN_FRAMEWORK_HEADER = YES;
				CLANG_WARN_RANGE_LOOP_ANALYSIS = YES;
				CLANG_WARN_STRICT_PROTOTYPES = YES;
				CLANG_WARN_SUSPICIOUS_MOVE = YES;
				CLANG_WARN_UNGUARDED_AVAILABILITY = YES_AGGRESSIVE;
				CLANG_WARN_UNREACHABLE_CODE = YES;
				CLANG_WARN__DUPLICATE_METHOD_MATCH = YES;
				COPY_PHASE_STRIP = NO;
				DEBUG_INFORMATION_FORMAT = dwarf;
				ENABLE_STRICT_OBJC_MSGSEND = YES;
				ENABLE_TESTABILITY = YES;
				ENABLE_USER_SCRIPT_SANDBOXING = YES;
				GCC_C_LANGUAGE_STANDARD = gnu17;
				GCC_DYNAMIC_NO_PIC = NO;
				GCC_NO_COMMON_BLOCKS = YES;
				GCC_OPTIMIZATION_LEVEL = 0;
				GCC_PREPROCESSOR_DEFINITIONS = (
					"DEBUG=1",
					"$(inherited)",
				);
				GCC_WARN_64_TO_32_BIT_CONVERSION = YES;
				GCC_WARN_ABOUT_RETURN_TYPE = YES_ERROR;
				GCC_WARN_UNDECLARED_SELECTOR = YES;
				GCC_WARN_UNINITIALIZED_AUTOS = YES_AGGRESSIVE;
				GCC_WARN_UNUSED_FUNCTION = YES;
				GCC_WARN_UNUSED_VARIABLE = YES;
				IPHONEOS_DEPLOYMENT_TARGET = 17.2;
				LOCALIZATION_PREFERS_STRING_CATALOGS = YES;
				MTL_ENABLE_DEBUG_INFO = INCLUDE_SOURCE;
				MTL_FAST_MATH = YES;
				ONLY_ACTIVE_ARCH = YES;
				SDKROOT = iphoneos;
				SWIFT_ACTIVE_COMPILATION_CONDITIONS = "DEBUG $(inherited)";
				SWIFT_OPTIMIZATION_LEVEL = "-Onone";
			};
			name = Debug;
		};
		5FC127EA2B8D174B00BE7D49 /* Release */ = {
			isa = XCBuildConfiguration;
			buildSettings = {
				ALWAYS_SEARCH_USER_PATHS = NO;
				ASSETCATALOG_COMPILER_GENERATE_SWIFT_ASSET_SYMBOL_EXTENSIONS = YES;
				CLANG_ANALYZER_NONNULL = YES;
				CLANG_ANALYZER_NUMBER_OBJECT_CONVERSION = YES_AGGRESSIVE;
				CLANG_CXX_LANGUAGE_STANDARD = "gnu++20";
				CLANG_ENABLE_MODULES = YES;
				CLANG_ENABLE_OBJC_ARC = YES;
				CLANG_ENABLE_OBJC_WEAK = YES;
				CLANG_WARN_BLOCK_CAPTURE_AUTORELEASING = YES;
				CLANG_WARN_BOOL_CONVERSION = YES;
				CLANG_WARN_COMMA = YES;
				CLANG_WARN_CONSTANT_CONVERSION = YES;
				CLANG_WARN_DEPRECATED_OBJC_IMPLEMENTATIONS = YES;
				CLANG_WARN_DIRECT_OBJC_ISA_USAGE = YES_ERROR;
				CLANG_WARN_DOCUMENTATION_COMMENTS = YES;
				CLANG_WARN_EMPTY_BODY = YES;
				CLANG_WARN_ENUM_CONVERSION = YES;
				CLANG_WARN_INFINITE_RECURSION = YES;
				CLANG_WARN_INT_CONVERSION = YES;
				CLANG_WARN_NON_LITERAL_NULL_CONVERSION = YES;
				CLANG_WARN_OBJC_IMPLICIT_RETAIN_SELF = YES;
				CLANG_WARN_OBJC_LITERAL_CONVERSION = YES;
				CLANG_WARN_OBJC_ROOT_CLASS = YES_ERROR;
				CLANG_WARN_QUOTED_INCLUDE_IN_FRAMEWORK_HEADER = YES;
				CLANG_WARN_RANGE_LOOP_ANALYSIS = YES;
				CLANG_WARN_STRICT_PROTOTYPES = YES;
				CLANG_WARN_SUSPICIOUS_MOVE = YES;
				CLANG_WARN_UNGUARDED_AVAILABILITY = YES_AGGRESSIVE;
				CLANG_WARN_UNREACHABLE_CODE = YES;
				CLANG_WARN__DUPLICATE_METHOD_MATCH = YES;
				COPY_PHASE_STRIP = NO;
				DEBUG_INFORMATION_FORMAT = "dwarf-with-dsym";
				ENABLE_NS_ASSERTIONS = NO;
				ENABLE_STRICT_OBJC_MSGSEND = YES;
				ENABLE_USER_SCRIPT_SANDBOXING = YES;
				GCC_C_LANGUAGE_STANDARD = gnu17;
				GCC_NO_COMMON_BLOCKS = YES;
				GCC_WARN_64_TO_32_BIT_CONVERSION = YES;
				GCC_WARN_ABOUT_RETURN_TYPE = YES_ERROR;
				GCC_WARN_UNDECLARED_SELECTOR = YES;
				GCC_WARN_UNINITIALIZED_AUTOS = YES_AGGRESSIVE;
				GCC_WARN_UNUSED_FUNCTION = YES;
				GCC_WARN_UNUSED_VARIABLE = YES;
				IPHONEOS_DEPLOYMENT_TARGET = 17.2;
				LOCALIZATION_PREFERS_STRING_CATALOGS = YES;
				MTL_ENABLE_DEBUG_INFO = NO;
				MTL_FAST_MATH = YES;
				SDKROOT = iphoneos;
				SWIFT_COMPILATION_MODE = wholemodule;
				VALIDATE_PRODUCT = YES;
			};
			name = Release;
		};
		5FC127EC2B8D174B00BE7D49 /* Debug */ = {
			isa = XCBuildConfiguration;
			buildSettings = {
				ASSETCATALOG_COMPILER_APPICON_NAME = AppIcon;
				ASSETCATALOG_COMPILER_GLOBAL_ACCENT_COLOR_NAME = AccentColor;
				CODE_SIGN_STYLE = Automatic;
				CURRENT_PROJECT_VERSION = 1;
				DEVELOPMENT_ASSET_PATHS = "\"User-Login/Preview Content\"";
				ENABLE_PREVIEWS = YES;
				GENERATE_INFOPLIST_FILE = YES;
				INFOPLIST_KEY_UIApplicationSceneManifest_Generation = YES;
				INFOPLIST_KEY_UIApplicationSupportsIndirectInputEvents = YES;
				INFOPLIST_KEY_UILaunchScreen_Generation = YES;
				INFOPLIST_KEY_UISupportedInterfaceOrientations_iPad = "UIInterfaceOrientationPortrait UIInterfaceOrientationPortraitUpsideDown UIInterfaceOrientationLandscapeLeft UIInterfaceOrientationLandscapeRight";
				INFOPLIST_KEY_UISupportedInterfaceOrientations_iPhone = "UIInterfaceOrientationPortrait UIInterfaceOrientationLandscapeLeft UIInterfaceOrientationLandscapeRight";
				LD_RUNPATH_SEARCH_PATHS = (
					"$(inherited)",
					"@executable_path/Frameworks",
				);
				MARKETING_VERSION = 1.0;
				PRODUCT_BUNDLE_IDENTIFIER = "com.lxmn.User-Login";
				PRODUCT_NAME = "$(TARGET_NAME)";
				SWIFT_EMIT_LOC_STRINGS = YES;
				SWIFT_VERSION = 5.0;
				TARGETED_DEVICE_FAMILY = "1,2";
			};
			name = Debug;
		};
		5FC127ED2B8D174B00BE7D49 /* Release */ = {
			isa = XCBuildConfiguration;
			buildSettings = {
				ASSETCATALOG_COMPILER_APPICON_NAME = AppIcon;
				ASSETCATALOG_COMPILER_GLOBAL_ACCENT_COLOR_NAME = AccentColor;
				CODE_SIGN_STYLE = Automatic;
				CURRENT_PROJECT_VERSION = 1;
				DEVELOPMENT_ASSET_PATHS = "\"User-Login/Preview Content\"";
				ENABLE_PREVIEWS = YES;
				GENERATE_INFOPLIST_FILE = YES;
				INFOPLIST_KEY_UIApplicationSceneManifest_Generation = YES;
				INFOPLIST_KEY_UIApplicationSupportsIndirectInputEvents = YES;
				INFOPLIST_KEY_UILaunchScreen_Generation = YES;
				INFOPLIST_KEY_UISupportedInterfaceOrientations_iPad = "UIInterfaceOrientationPortrait UIInterfaceOrientationPortraitUpsideDown UIInterfaceOrientationLandscapeLeft UIInterfaceOrientationLandscapeRight";
				INFOPLIST_KEY_UISupportedInterfaceOrientations_iPhone = "UIInterfaceOrientationPortrait UIInterfaceOrientationLandscapeLeft UIInterfaceOrientationLandscapeRight";
				LD_RUNPATH_SEARCH_PATHS = (
					"$(inherited)",
					"@executable_path/Frameworks",
				);
				MARKETING_VERSION = 1.0;
				PRODUCT_BUNDLE_IDENTIFIER = "com.lxmn.User-Login";
				PRODUCT_NAME = "$(TARGET_NAME)";
				SWIFT_EMIT_LOC_STRINGS = YES;
				SWIFT_VERSION = 5.0;
				TARGETED_DEVICE_FAMILY = "1,2";
			};
			name = Release;
		};
/* End XCBuildConfiguration section */

/* Begin XCConfigurationList section */
		5FC127D82B8D174900BE7D49 /* Build configuration list for PBXProject "User-Login" */ = {
			isa = XCConfigurationList;
			buildConfigurations = (
				5FC127E92B8D174B00BE7D49 /* Debug */,
				5FC127EA2B8D174B00BE7D49 /* Release */,
			);
			defaultConfigurationIsVisible = 0;
			defaultConfigurationName = Release;
		};
		5FC127EB2B8D174B00BE7D49 /* Build configuration list for PBXNativeTarget "User-Login" */ = {
			isa = XCConfigurationList;
			buildConfigurations = (
				5FC127EC2B8D174B00BE7D49 /* Debug */,
				5FC127ED2B8D174B00BE7D49 /* Release */,
			);
			defaultConfigurationIsVisible = 0;
			defaultConfigurationName = Release;
		};
/* End XCConfigurationList section */
	};
	rootObject = 5FC127D52B8D174900BE7D49 /* Project object */;
}
