// !$*UTF8*$!
{
	archiveVersion = 1;
	classes = {
	};
	objectVersion = 56;
	objects = {

/* Begin PBXBuildFile section */
		5F070C572B8263B70027488C /* NoListView.swift in Sources */ = {isa = PBXBuildFile; fileRef = 5F070C562B8263B70027488C /* NoListView.swift */; };
		5F070C592B826D560027488C /* AddView.swift in Sources */ = {isa = PBXBuildFile; fileRef = 5F070C582B826D560027488C /* AddView.swift */; };
		5F070C5B2B82945E0027488C /* ListRowView.swift in Sources */ = {isa = PBXBuildFile; fileRef = 5F070C5A2B82945E0027488C /* ListRowView.swift */; };
		5F070C5D2B8297CE0027488C /* ListView.swift in Sources */ = {isa = PBXBuildFile; fileRef = 5F070C5C2B8297CE0027488C /* ListView.swift */; };
		5F88206A2B7CA8A400BBC149 /* Todo_AppApp.swift in Sources */ = {isa = PBXBuildFile; fileRef = 5F8820692B7CA8A400BBC149 /* Todo_AppApp.swift */; };
		5F88206C2B7CA8A400BBC149 /* ContentView.swift in Sources */ = {isa = PBXBuildFile; fileRef = 5F88206B2B7CA8A400BBC149 /* ContentView.swift */; };
		5F88206E2B7CA8A600BBC149 /* Assets.xcassets in Resources */ = {isa = PBXBuildFile; fileRef = 5F88206D2B7CA8A600BBC149 /* Assets.xcassets */; };
		5F8820712B7CA8A600BBC149 /* Preview Assets.xcassets in Resources */ = {isa = PBXBuildFile; fileRef = 5F8820702B7CA8A600BBC149 /* Preview Assets.xcassets */; };
		5F88207B2B7CB02400BBC149 /* ItemModel.swift in Sources */ = {isa = PBXBuildFile; fileRef = 5F88207A2B7CB02400BBC149 /* ItemModel.swift */; };
		5F88207E2B7CE2D500BBC149 /* ListViewModel.swift in Sources */ = {isa = PBXBuildFile; fileRef = 5F88207D2B7CE2D500BBC149 /* ListViewModel.swift */; };
/* End PBXBuildFile section */

/* Begin PBXFileReference section */
		5F070C562B8263B70027488C /* NoListView.swift */ = {isa = PBXFileReference; lastKnownFileType = sourcecode.swift; path = NoListView.swift; sourceTree = "<group>"; };
		5F070C582B826D560027488C /* AddView.swift */ = {isa = PBXFileReference; lastKnownFileType = sourcecode.swift; path = AddView.swift; sourceTree = "<group>"; };
		5F070C5A2B82945E0027488C /* ListRowView.swift */ = {isa = PBXFileReference; lastKnownFileType = sourcecode.swift; path = ListRowView.swift; sourceTree = "<group>"; };
		5F070C5C2B8297CE0027488C /* ListView.swift */ = {isa = PBXFileReference; lastKnownFileType = sourcecode.swift; path = ListView.swift; sourceTree = "<group>"; };
		5F8820662B7CA8A400BBC149 /* Todo-App.app */ = {isa = PBXFileReference; explicitFileType = wrapper.application; includeInIndex = 0; path = "Todo-App.app"; sourceTree = BUILT_PRODUCTS_DIR; };
		5F8820692B7CA8A400BBC149 /* Todo_AppApp.swift */ = {isa = PBXFileReference; lastKnownFileType = sourcecode.swift; path = Todo_AppApp.swift; sourceTree = "<group>"; };
		5F88206B2B7CA8A400BBC149 /* ContentView.swift */ = {isa = PBXFileReference; lastKnownFileType = sourcecode.swift; path = ContentView.swift; sourceTree = "<group>"; };
		5F88206D2B7CA8A600BBC149 /* Assets.xcassets */ = {isa = PBXFileReference; lastKnownFileType = folder.assetcatalog; path = Assets.xcassets; sourceTree = "<group>"; };
		5F8820702B7CA8A600BBC149 /* Preview Assets.xcassets */ = {isa = PBXFileReference; lastKnownFileType = folder.assetcatalog; path = "Preview Assets.xcassets"; sourceTree = "<group>"; };
		5F88207A2B7CB02400BBC149 /* ItemModel.swift */ = {isa = PBXFileReference; lastKnownFileType = sourcecode.swift; path = ItemModel.swift; sourceTree = "<group>"; };
		5F88207D2B7CE2D500BBC149 /* ListViewModel.swift */ = {isa = PBXFileReference; lastKnownFileType = sourcecode.swift; path = ListViewModel.swift; sourceTree = "<group>"; };
/* End PBXFileReference section */

/* Begin PBXFrameworksBuildPhase section */
		5F8820632B7CA8A400BBC149 /* Frameworks */ = {
			isa = PBXFrameworksBuildPhase;
			buildActionMask = 2147483647;
			files = (
			);
			runOnlyForDeploymentPostprocessing = 0;
		};
/* End PBXFrameworksBuildPhase section */

/* Begin PBXGroup section */
		5F88205D2B7CA8A400BBC149 = {
			isa = PBXGroup;
			children = (
				5F8820682B7CA8A400BBC149 /* Todo-App */,
				5F8820672B7CA8A400BBC149 /* Products */,
			);
			sourceTree = "<group>";
		};
		5F8820672B7CA8A400BBC149 /* Products */ = {
			isa = PBXGroup;
			children = (
				5F8820662B7CA8A400BBC149 /* Todo-App.app */,
			);
			name = Products;
			sourceTree = "<group>";
		};
		5F8820682B7CA8A400BBC149 /* Todo-App */ = {
			isa = PBXGroup;
			children = (
				5F8820782B7CADC800BBC149 /* Asset */,
				5F8820792B7CAFF200BBC149 /* Model */,
				5F8820772B7CADAC00BBC149 /* Views */,
				5F88207C2B7CE21300BBC149 /* ViewModel */,
				5F8820692B7CA8A400BBC149 /* Todo_AppApp.swift */,
				5F88206F2B7CA8A600BBC149 /* Preview Content */,
			);
			path = "Todo-App";
			sourceTree = "<group>";
		};
		5F88206F2B7CA8A600BBC149 /* Preview Content */ = {
			isa = PBXGroup;
			children = (
				5F8820702B7CA8A600BBC149 /* Preview Assets.xcassets */,
			);
			path = "Preview Content";
			sourceTree = "<group>";
		};
		5F8820772B7CADAC00BBC149 /* Views */ = {
			isa = PBXGroup;
			children = (
				5F070C582B826D560027488C /* AddView.swift */,
				5F88206B2B7CA8A400BBC149 /* ContentView.swift */,
				5F070C5C2B8297CE0027488C /* ListView.swift */,
				5F070C5A2B82945E0027488C /* ListRowView.swift */,
				5F070C562B8263B70027488C /* NoListView.swift */,
			);
			path = Views;
			sourceTree = "<group>";
		};
		5F8820782B7CADC800BBC149 /* Asset */ = {
			isa = PBXGroup;
			children = (
				5F88206D2B7CA8A600BBC149 /* Assets.xcassets */,
			);
			path = Asset;
			sourceTree = "<group>";
		};
		5F8820792B7CAFF200BBC149 /* Model */ = {
			isa = PBXGroup;
			children = (
				5F88207A2B7CB02400BBC149 /* ItemModel.swift */,
			);
			path = Model;
			sourceTree = "<group>";
		};
		5F88207C2B7CE21300BBC149 /* ViewModel */ = {
			isa = PBXGroup;
			children = (
				5F88207D2B7CE2D500BBC149 /* ListViewModel.swift */,
			);
			path = ViewModel;
			sourceTree = "<group>";
		};
/* End PBXGroup section */

/* Begin PBXNativeTarget section */
		5F8820652B7CA8A400BBC149 /* Todo-App */ = {
			isa = PBXNativeTarget;
			buildConfigurationList = 5F8820742B7CA8A600BBC149 /* Build configuration list for PBXNativeTarget "Todo-App" */;
			buildPhases = (
				5F8820622B7CA8A400BBC149 /* Sources */,
				5F8820632B7CA8A400BBC149 /* Frameworks */,
				5F8820642B7CA8A400BBC149 /* Resources */,
			);
			buildRules = (
			);
			dependencies = (
			);
			name = "Todo-App";
			productName = "Todo-App";
			productReference = 5F8820662B7CA8A400BBC149 /* Todo-App.app */;
			productType = "com.apple.product-type.application";
		};
/* End PBXNativeTarget section */

/* Begin PBXProject section */
		5F88205E2B7CA8A400BBC149 /* Project object */ = {
			isa = PBXProject;
			attributes = {
				BuildIndependentTargetsInParallel = 1;
				LastSwiftUpdateCheck = 1520;
				LastUpgradeCheck = 1520;
				TargetAttributes = {
					5F8820652B7CA8A400BBC149 = {
						CreatedOnToolsVersion = 15.2;
					};
				};
			};
			buildConfigurationList = 5F8820612B7CA8A400BBC149 /* Build configuration list for PBXProject "Todo-App" */;
			compatibilityVersion = "Xcode 14.0";
			developmentRegion = en;
			hasScannedForEncodings = 0;
			knownRegions = (
				en,
				Base,
			);
			mainGroup = 5F88205D2B7CA8A400BBC149;
			productRefGroup = 5F8820672B7CA8A400BBC149 /* Products */;
			projectDirPath = "";
			projectRoot = "";
			targets = (
				5F8820652B7CA8A400BBC149 /* Todo-App */,
			);
		};
/* End PBXProject section */

/* Begin PBXResourcesBuildPhase section */
		5F8820642B7CA8A400BBC149 /* Resources */ = {
			isa = PBXResourcesBuildPhase;
			buildActionMask = 2147483647;
			files = (
				5F8820712B7CA8A600BBC149 /* Preview Assets.xcassets in Resources */,
				5F88206E2B7CA8A600BBC149 /* Assets.xcassets in Resources */,
			);
			runOnlyForDeploymentPostprocessing = 0;
		};
/* End PBXResourcesBuildPhase section */

/* Begin PBXSourcesBuildPhase section */
		5F8820622B7CA8A400BBC149 /* Sources */ = {
			isa = PBXSourcesBuildPhase;
			buildActionMask = 2147483647;
			files = (
				5F070C5D2B8297CE0027488C /* ListView.swift in Sources */,
				5F88207B2B7CB02400BBC149 /* ItemModel.swift in Sources */,
				5F070C5B2B82945E0027488C /* ListRowView.swift in Sources */,
				5F88206C2B7CA8A400BBC149 /* ContentView.swift in Sources */,
				5F070C592B826D560027488C /* AddView.swift in Sources */,
				5F070C572B8263B70027488C /* NoListView.swift in Sources */,
				5F88207E2B7CE2D500BBC149 /* ListViewModel.swift in Sources */,
				5F88206A2B7CA8A400BBC149 /* Todo_AppApp.swift in Sources */,
			);
			runOnlyForDeploymentPostprocessing = 0;
		};
/* End PBXSourcesBuildPhase section */

/* Begin XCBuildConfiguration section */
		5F8820722B7CA8A600BBC149 /* Debug */ = {
			isa = XCBuildConfiguration;
			buildSettings = {
				ALWAYS_SEARCH_USER_PATHS = NO;
				ASSETCATALOG_COMPILER_GENERATE_SWIFT_ASSET_SYMBOL_EXTENSIONS = YES;
				CLANG_ANALYZER_NONNULL = YES;
				CLANG_ANALYZER_NUMBER_OBJECT_CONVERSION = YES_AGGRESSIVE;
				CLANG_CXX_LANGUAGE_STANDARD = "gnu++20";
				CLANG_ENABLE_MODULES = YES;
				CLANG_ENABLE_OBJC_ARC = YES;
				CLANG_ENABLE_OBJC_WEAK = YES;
				CLANG_WARN_BLOCK_CAPTURE_AUTORELEASING = YES;
				CLANG_WARN_BOOL_CONVERSION = YES;
				CLANG_WARN_COMMA = YES;
				CLANG_WARN_CONSTANT_CONVERSION = YES;
				CLANG_WARN_DEPRECATED_OBJC_IMPLEMENTATIONS = YES;
				CLANG_WARN_DIRECT_OBJC_ISA_USAGE = YES_ERROR;
				CLANG_WARN_DOCUMENTATION_COMMENTS = YES;
				CLANG_WARN_EMPTY_BODY = YES;
				CLANG_WARN_ENUM_CONVERSION = YES;
				CLANG_WARN_INFINITE_RECURSION = YES;
				CLANG_WARN_INT_CONVERSION = YES;
				CLANG_WARN_NON_LITERAL_NULL_CONVERSION = YES;
				CLANG_WARN_OBJC_IMPLICIT_RETAIN_SELF = YES;
				CLANG_WARN_OBJC_LITERAL_CONVERSION = YES;
				CLANG_WARN_OBJC_ROOT_CLASS = YES_ERROR;
				CLANG_WARN_QUOTED_INCLUDE_IN_FRAMEWORK_HEADER = YES;
				CLANG_WARN_RANGE_LOOP_ANALYSIS = YES;
				CLANG_WARN_STRICT_PROTOTYPES = YES;
				CLANG_WARN_SUSPICIOUS_MOVE = YES;
				CLANG_WARN_UNGUARDED_AVAILABILITY = YES_AGGRESSIVE;
				CLANG_WARN_UNREACHABLE_CODE = YES;
				CLANG_WARN__DUPLICATE_METHOD_MATCH = YES;
				COPY_PHASE_STRIP = NO;
				DEBUG_INFORMATION_FORMAT = dwarf;
				ENABLE_STRICT_OBJC_MSGSEND = YES;
				ENABLE_TESTABILITY = YES;
				ENABLE_USER_SCRIPT_SANDBOXING = YES;
				GCC_C_LANGUAGE_STANDARD = gnu17;
				GCC_DYNAMIC_NO_PIC = NO;
				GCC_NO_COMMON_BLOCKS = YES;
				GCC_OPTIMIZATION_LEVEL = 0;
				GCC_PREPROCESSOR_DEFINITIONS = (
					"DEBUG=1",
					"$(inherited)",
				);
				GCC_WARN_64_TO_32_BIT_CONVERSION = YES;
				GCC_WARN_ABOUT_RETURN_TYPE = YES_ERROR;
				GCC_WARN_UNDECLARED_SELECTOR = YES;
				GCC_WARN_UNINITIALIZED_AUTOS = YES_AGGRESSIVE;
				GCC_WARN_UNUSED_FUNCTION = YES;
				GCC_WARN_UNUSED_VARIABLE = YES;
				IPHONEOS_DEPLOYMENT_TARGET = 17.2;
				LOCALIZATION_PREFERS_STRING_CATALOGS = YES;
				MTL_ENABLE_DEBUG_INFO = INCLUDE_SOURCE;
				MTL_FAST_MATH = YES;
				ONLY_ACTIVE_ARCH = YES;
				SDKROOT = iphoneos;
				SWIFT_ACTIVE_COMPILATION_CONDITIONS = "DEBUG $(inherited)";
				SWIFT_OPTIMIZATION_LEVEL = "-Onone";
			};
			name = Debug;
		};
		5F8820732B7CA8A600BBC149 /* Release */ = {
			isa = XCBuildConfiguration;
			buildSettings = {
				ALWAYS_SEARCH_USER_PATHS = NO;
				ASSETCATALOG_COMPILER_GENERATE_SWIFT_ASSET_SYMBOL_EXTENSIONS = YES;
				CLANG_ANALYZER_NONNULL = YES;
				CLANG_ANALYZER_NUMBER_OBJECT_CONVERSION = YES_AGGRESSIVE;
				CLANG_CXX_LANGUAGE_STANDARD = "gnu++20";
				CLANG_ENABLE_MODULES = YES;
				CLANG_ENABLE_OBJC_ARC = YES;
				CLANG_ENABLE_OBJC_WEAK = YES;
				CLANG_WARN_BLOCK_CAPTURE_AUTORELEASING = YES;
				CLANG_WARN_BOOL_CONVERSION = YES;
				CLANG_WARN_COMMA = YES;
				CLANG_WARN_CONSTANT_CONVERSION = YES;
				CLANG_WARN_DEPRECATED_OBJC_IMPLEMENTATIONS = YES;
				CLANG_WARN_DIRECT_OBJC_ISA_USAGE = YES_ERROR;
				CLANG_WARN_DOCUMENTATION_COMMENTS = YES;
				CLANG_WARN_EMPTY_BODY = YES;
				CLANG_WARN_ENUM_CONVERSION = YES;
				CLANG_WARN_INFINITE_RECURSION = YES;
				CLANG_WARN_INT_CONVERSION = YES;
				CLANG_WARN_NON_LITERAL_NULL_CONVERSION = YES;
				CLANG_WARN_OBJC_IMPLICIT_RETAIN_SELF = YES;
				CLANG_WARN_OBJC_LITERAL_CONVERSION = YES;
				CLANG_WARN_OBJC_ROOT_CLASS = YES_ERROR;
				CLANG_WARN_QUOTED_INCLUDE_IN_FRAMEWORK_HEADER = YES;
				CLANG_WARN_RANGE_LOOP_ANALYSIS = YES;
				CLANG_WARN_STRICT_PROTOTYPES = YES;
				CLANG_WARN_SUSPICIOUS_MOVE = YES;
				CLANG_WARN_UNGUARDED_AVAILABILITY = YES_AGGRESSIVE;
				CLANG_WARN_UNREACHABLE_CODE = YES;
				CLANG_WARN__DUPLICATE_METHOD_MATCH = YES;
				COPY_PHASE_STRIP = NO;
				DEBUG_INFORMATION_FORMAT = "dwarf-with-dsym";
				ENABLE_NS_ASSERTIONS = NO;
				ENABLE_STRICT_OBJC_MSGSEND = YES;
				ENABLE_USER_SCRIPT_SANDBOXING = YES;
				GCC_C_LANGUAGE_STANDARD = gnu17;
				GCC_NO_COMMON_BLOCKS = YES;
				GCC_WARN_64_TO_32_BIT_CONVERSION = YES;
				GCC_WARN_ABOUT_RETURN_TYPE = YES_ERROR;
				GCC_WARN_UNDECLARED_SELECTOR = YES;
				GCC_WARN_UNINITIALIZED_AUTOS = YES_AGGRESSIVE;
				GCC_WARN_UNUSED_FUNCTION = YES;
				GCC_WARN_UNUSED_VARIABLE = YES;
				IPHONEOS_DEPLOYMENT_TARGET = 17.2;
				LOCALIZATION_PREFERS_STRING_CATALOGS = YES;
				MTL_ENABLE_DEBUG_INFO = NO;
				MTL_FAST_MATH = YES;
				SDKROOT = iphoneos;
				SWIFT_COMPILATION_MODE = wholemodule;
				VALIDATE_PRODUCT = YES;
			};
			name = Release;
		};
		5F8820752B7CA8A600BBC149 /* Debug */ = {
			isa = XCBuildConfiguration;
			buildSettings = {
				ASSETCATALOG_COMPILER_APPICON_NAME = AppIcon;
				ASSETCATALOG_COMPILER_GLOBAL_ACCENT_COLOR_NAME = AccentColor;
				CODE_SIGN_STYLE = Automatic;
				CURRENT_PROJECT_VERSION = 1;
				DEVELOPMENT_ASSET_PATHS = "\"Todo-App/Preview Content\"";
				ENABLE_PREVIEWS = YES;
				GENERATE_INFOPLIST_FILE = YES;
				INFOPLIST_KEY_UIApplicationSceneManifest_Generation = YES;
				INFOPLIST_KEY_UIApplicationSupportsIndirectInputEvents = YES;
				INFOPLIST_KEY_UILaunchScreen_Generation = YES;
				INFOPLIST_KEY_UISupportedInterfaceOrientations_iPad = "UIInterfaceOrientationPortrait UIInterfaceOrientationPortraitUpsideDown UIInterfaceOrientationLandscapeLeft UIInterfaceOrientationLandscapeRight";
				INFOPLIST_KEY_UISupportedInterfaceOrientations_iPhone = "UIInterfaceOrientationPortrait UIInterfaceOrientationLandscapeLeft UIInterfaceOrientationLandscapeRight";
				LD_RUNPATH_SEARCH_PATHS = (
					"$(inherited)",
					"@executable_path/Frameworks",
				);
				MARKETING_VERSION = 1.0;
				PRODUCT_BUNDLE_IDENTIFIER = "com.lxmn.Todo-App";
				PRODUCT_NAME = "$(TARGET_NAME)";
				SWIFT_EMIT_LOC_STRINGS = YES;
				SWIFT_VERSION = 5.0;
				TARGETED_DEVICE_FAMILY = "1,2";
			};
			name = Debug;
		};
		5F8820762B7CA8A600BBC149 /* Release */ = {
			isa = XCBuildConfiguration;
			buildSettings = {
				ASSETCATALOG_COMPILER_APPICON_NAME = AppIcon;
				ASSETCATALOG_COMPILER_GLOBAL_ACCENT_COLOR_NAME = AccentColor;
				CODE_SIGN_STYLE = Automatic;
				CURRENT_PROJECT_VERSION = 1;
				DEVELOPMENT_ASSET_PATHS = "\"Todo-App/Preview Content\"";
				ENABLE_PREVIEWS = YES;
				GENERATE_INFOPLIST_FILE = YES;
				INFOPLIST_KEY_UIApplicationSceneManifest_Generation = YES;
				INFOPLIST_KEY_UIApplicationSupportsIndirectInputEvents = YES;
				INFOPLIST_KEY_UILaunchScreen_Generation = YES;
				INFOPLIST_KEY_UISupportedInterfaceOrientations_iPad = "UIInterfaceOrientationPortrait UIInterfaceOrientationPortraitUpsideDown UIInterfaceOrientationLandscapeLeft UIInterfaceOrientationLandscapeRight";
				INFOPLIST_KEY_UISupportedInterfaceOrientations_iPhone = "UIInterfaceOrientationPortrait UIInterfaceOrientationLandscapeLeft UIInterfaceOrientationLandscapeRight";
				LD_RUNPATH_SEARCH_PATHS = (
					"$(inherited)",
					"@executable_path/Frameworks",
				);
				MARKETING_VERSION = 1.0;
				PRODUCT_BUNDLE_IDENTIFIER = "com.lxmn.Todo-App";
				PRODUCT_NAME = "$(TARGET_NAME)";
				SWIFT_EMIT_LOC_STRINGS = YES;
				SWIFT_VERSION = 5.0;
				TARGETED_DEVICE_FAMILY = "1,2";
			};
			name = Release;
		};
/* End XCBuildConfiguration section */

/* Begin XCConfigurationList section */
		5F8820612B7CA8A400BBC149 /* Build configuration list for PBXProject "Todo-App" */ = {
			isa = XCConfigurationList;
			buildConfigurations = (
				5F8820722B7CA8A600BBC149 /* Debug */,
				5F8820732B7CA8A600BBC149 /* Release */,
			);
			defaultConfigurationIsVisible = 0;
			defaultConfigurationName = Release;
		};
		5F8820742B7CA8A600BBC149 /* Build configuration list for PBXNativeTarget "Todo-App" */ = {
			isa = XCConfigurationList;
			buildConfigurations = (
				5F8820752B7CA8A600BBC149 /* Debug */,
				5F8820762B7CA8A600BBC149 /* Release */,
			);
			defaultConfigurationIsVisible = 0;
			defaultConfigurationName = Release;
		};
/* End XCConfigurationList section */
	};
	rootObject = 5F88205E2B7CA8A400BBC149 /* Project object */;
}
