// !$*UTF8*$!
{
	archiveVersion = 1;
	classes = {
	};
	objectVersion = 56;
	objects = {

/* Begin PBXBuildFile section */
		5F37110E2C2E8FCF002FB4AE /* UserLoginApp.swift in Sources */ = {isa = PBXBuildFile; fileRef = 5F37110D2C2E8FCF002FB4AE /* UserLoginApp.swift */; };
		5F3711102C2E8FCF002FB4AE /* ContentView.swift in Sources */ = {isa = PBXBuildFile; fileRef = 5F37110F2C2E8FCF002FB4AE /* ContentView.swift */; };
		5F3711122C2E8FD1002FB4AE /* Assets.xcassets in Resources */ = {isa = PBXBuildFile; fileRef = 5F3711112C2E8FD1002FB4AE /* Assets.xcassets */; };
		5F3711152C2E8FD1002FB4AE /* Preview Assets.xcassets in Resources */ = {isa = PBXBuildFile; fileRef = 5F3711142C2E8FD1002FB4AE /* Preview Assets.xcassets */; };
		5F3711242C2E9550002FB4AE /* LoginView.swift in Sources */ = {isa = PBXBuildFile; fileRef = 5F3711232C2E9550002FB4AE /* LoginView.swift */; };
		5F3711272C2E9675002FB4AE /* InputView.swift in Sources */ = {isa = PBXBuildFile; fileRef = 5F3711262C2E9675002FB4AE /* InputView.swift */; };
		5F3711292C2E9DC8002FB4AE /* RegistrationView.swift in Sources */ = {isa = PBXBuildFile; fileRef = 5F3711282C2E9DC8002FB4AE /* RegistrationView.swift */; };
		5F37112B2C2EA5D5002FB4AE /* ForgotPasswordView.swift in Sources */ = {isa = PBXBuildFile; fileRef = 5F37112A2C2EA5D5002FB4AE /* ForgotPasswordView.swift */; };
		5F37112D2C2EB812002FB4AE /* ProfileView.swift in Sources */ = {isa = PBXBuildFile; fileRef = 5F37112C2C2EB812002FB4AE /* ProfileView.swift */; };
		5F37112F2C2EBB57002FB4AE /* SettingsRowView.swift in Sources */ = {isa = PBXBuildFile; fileRef = 5F37112E2C2EBB57002FB4AE /* SettingsRowView.swift */; };
		5F3711312C2EBEE6002FB4AE /* User.swift in Sources */ = {isa = PBXBuildFile; fileRef = 5F3711302C2EBEE6002FB4AE /* User.swift */; };
/* End PBXBuildFile section */

/* Begin PBXFileReference section */
		5F37110A2C2E8FCF002FB4AE /* UserLogin.app */ = {isa = PBXFileReference; explicitFileType = wrapper.application; includeInIndex = 0; path = UserLogin.app; sourceTree = BUILT_PRODUCTS_DIR; };
		5F37110D2C2E8FCF002FB4AE /* UserLoginApp.swift */ = {isa = PBXFileReference; lastKnownFileType = sourcecode.swift; path = UserLoginApp.swift; sourceTree = "<group>"; };
		5F37110F2C2E8FCF002FB4AE /* ContentView.swift */ = {isa = PBXFileReference; lastKnownFileType = sourcecode.swift; path = ContentView.swift; sourceTree = "<group>"; };
		5F3711112C2E8FD1002FB4AE /* Assets.xcassets */ = {isa = PBXFileReference; lastKnownFileType = folder.assetcatalog; path = Assets.xcassets; sourceTree = "<group>"; };
		5F3711142C2E8FD1002FB4AE /* Preview Assets.xcassets */ = {isa = PBXFileReference; lastKnownFileType = folder.assetcatalog; path = "Preview Assets.xcassets"; sourceTree = "<group>"; };
		5F3711232C2E9550002FB4AE /* LoginView.swift */ = {isa = PBXFileReference; lastKnownFileType = sourcecode.swift; path = LoginView.swift; sourceTree = "<group>"; };
		5F3711262C2E9675002FB4AE /* InputView.swift */ = {isa = PBXFileReference; lastKnownFileType = sourcecode.swift; path = InputView.swift; sourceTree = "<group>"; };
		5F3711282C2E9DC8002FB4AE /* RegistrationView.swift */ = {isa = PBXFileReference; lastKnownFileType = sourcecode.swift; path = RegistrationView.swift; sourceTree = "<group>"; };
		5F37112A2C2EA5D5002FB4AE /* ForgotPasswordView.swift */ = {isa = PBXFileReference; lastKnownFileType = sourcecode.swift; path = ForgotPasswordView.swift; sourceTree = "<group>"; };
		5F37112C2C2EB812002FB4AE /* ProfileView.swift */ = {isa = PBXFileReference; lastKnownFileType = sourcecode.swift; path = ProfileView.swift; sourceTree = "<group>"; };
		5F37112E2C2EBB57002FB4AE /* SettingsRowView.swift */ = {isa = PBXFileReference; lastKnownFileType = sourcecode.swift; path = SettingsRowView.swift; sourceTree = "<group>"; };
		5F3711302C2EBEE6002FB4AE /* User.swift */ = {isa = PBXFileReference; lastKnownFileType = sourcecode.swift; path = User.swift; sourceTree = "<group>"; };
/* End PBXFileReference section */

/* Begin PBXFrameworksBuildPhase section */
		5F3711072C2E8FCF002FB4AE /* Frameworks */ = {
			isa = PBXFrameworksBuildPhase;
			buildActionMask = 2147483647;
			files = (
			);
			runOnlyForDeploymentPostprocessing = 0;
		};
/* End PBXFrameworksBuildPhase section */

/* Begin PBXGroup section */
		5F3711012C2E8FCF002FB4AE = {
			isa = PBXGroup;
			children = (
				5F37110C2C2E8FCF002FB4AE /* UserLogin */,
				5F37110B2C2E8FCF002FB4AE /* Products */,
			);
			sourceTree = "<group>";
		};
		5F37110B2C2E8FCF002FB4AE /* Products */ = {
			isa = PBXGroup;
			children = (
				5F37110A2C2E8FCF002FB4AE /* UserLogin.app */,
			);
			name = Products;
			sourceTree = "<group>";
		};
		5F37110C2C2E8FCF002FB4AE /* UserLogin */ = {
			isa = PBXGroup;
			children = (
				5F37111B2C2E9461002FB4AE /* App */,
				5F37111C2C2E946E002FB4AE /* Assets */,
				5F37111E2C2E949A002FB4AE /* Components */,
				5F37111F2C2E94A5002FB4AE /* Core */,
				5F3711222C2E94FC002FB4AE /* Model */,
				5F3711132C2E8FD1002FB4AE /* Preview Content */,
			);
			path = UserLogin;
			sourceTree = "<group>";
		};
		5F3711132C2E8FD1002FB4AE /* Preview Content */ = {
			isa = PBXGroup;
			children = (
				5F3711142C2E8FD1002FB4AE /* Preview Assets.xcassets */,
			);
			path = "Preview Content";
			sourceTree = "<group>";
		};
		5F37111B2C2E9461002FB4AE /* App */ = {
			isa = PBXGroup;
			children = (
				5F37110D2C2E8FCF002FB4AE /* UserLoginApp.swift */,
			);
			path = App;
			sourceTree = "<group>";
		};
		5F37111C2C2E946E002FB4AE /* Assets */ = {
			isa = PBXGroup;
			children = (
				5F3711112C2E8FD1002FB4AE /* Assets.xcassets */,
			);
			path = Assets;
			sourceTree = "<group>";
		};
		5F37111D2C2E947C002FB4AE /* Root */ = {
			isa = PBXGroup;
			children = (
				5F37110F2C2E8FCF002FB4AE /* ContentView.swift */,
			);
			path = Root;
			sourceTree = "<group>";
		};
		5F37111E2C2E949A002FB4AE /* Components */ = {
			isa = PBXGroup;
			children = (
				5F3711262C2E9675002FB4AE /* InputView.swift */,
				5F37112E2C2EBB57002FB4AE /* SettingsRowView.swift */,
			);
			path = Components;
			sourceTree = "<group>";
		};
		5F37111F2C2E94A5002FB4AE /* Core */ = {
			isa = PBXGroup;
			children = (
				5F3711202C2E94AE002FB4AE /* Authentication */,
				5F3711212C2E94B8002FB4AE /* Profile */,
				5F37111D2C2E947C002FB4AE /* Root */,
			);
			path = Core;
			sourceTree = "<group>";
		};
		5F3711202C2E94AE002FB4AE /* Authentication */ = {
			isa = PBXGroup;
			children = (
				5F3711232C2E9550002FB4AE /* LoginView.swift */,
				5F3711282C2E9DC8002FB4AE /* RegistrationView.swift */,
				5F37112A2C2EA5D5002FB4AE /* ForgotPasswordView.swift */,
			);
			path = Authentication;
			sourceTree = "<group>";
		};
		5F3711212C2E94B8002FB4AE /* Profile */ = {
			isa = PBXGroup;
			children = (
				5F37112C2C2EB812002FB4AE /* ProfileView.swift */,
			);
			path = Profile;
			sourceTree = "<group>";
		};
		5F3711222C2E94FC002FB4AE /* Model */ = {
			isa = PBXGroup;
			children = (
				5F3711302C2EBEE6002FB4AE /* User.swift */,
			);
			path = Model;
			sourceTree = "<group>";
		};
/* End PBXGroup section */

/* Begin PBXNativeTarget section */
		5F3711092C2E8FCF002FB4AE /* UserLogin */ = {
			isa = PBXNativeTarget;
			buildConfigurationList = 5F3711182C2E8FD1002FB4AE /* Build configuration list for PBXNativeTarget "UserLogin" */;
			buildPhases = (
				5F3711062C2E8FCF002FB4AE /* Sources */,
				5F3711072C2E8FCF002FB4AE /* Frameworks */,
				5F3711082C2E8FCF002FB4AE /* Resources */,
			);
			buildRules = (
			);
			dependencies = (
			);
			name = UserLogin;
			productName = UserLogin;
			productReference = 5F37110A2C2E8FCF002FB4AE /* UserLogin.app */;
			productType = "com.apple.product-type.application";
		};
/* End PBXNativeTarget section */

/* Begin PBXProject section */
		5F3711022C2E8FCF002FB4AE /* Project object */ = {
			isa = PBXProject;
			attributes = {
				BuildIndependentTargetsInParallel = 1;
				LastSwiftUpdateCheck = 1540;
				LastUpgradeCheck = 1540;
				TargetAttributes = {
					5F3711092C2E8FCF002FB4AE = {
						CreatedOnToolsVersion = 15.4;
					};
				};
			};
			buildConfigurationList = 5F3711052C2E8FCF002FB4AE /* Build configuration list for PBXProject "UserLogin" */;
			compatibilityVersion = "Xcode 14.0";
			developmentRegion = en;
			hasScannedForEncodings = 0;
			knownRegions = (
				en,
				Base,
			);
			mainGroup = 5F3711012C2E8FCF002FB4AE;
			productRefGroup = 5F37110B2C2E8FCF002FB4AE /* Products */;
			projectDirPath = "";
			projectRoot = "";
			targets = (
				5F3711092C2E8FCF002FB4AE /* UserLogin */,
			);
		};
/* End PBXProject section */

/* Begin PBXResourcesBuildPhase section */
		5F3711082C2E8FCF002FB4AE /* Resources */ = {
			isa = PBXResourcesBuildPhase;
			buildActionMask = 2147483647;
			files = (
				5F3711152C2E8FD1002FB4AE /* Preview Assets.xcassets in Resources */,
				5F3711122C2E8FD1002FB4AE /* Assets.xcassets in Resources */,
			);
			runOnlyForDeploymentPostprocessing = 0;
		};
/* End PBXResourcesBuildPhase section */

/* Begin PBXSourcesBuildPhase section */
		5F3711062C2E8FCF002FB4AE /* Sources */ = {
			isa = PBXSourcesBuildPhase;
			buildActionMask = 2147483647;
			files = (
				5F3711242C2E9550002FB4AE /* LoginView.swift in Sources */,
				5F3711272C2E9675002FB4AE /* InputView.swift in Sources */,
				5F3711102C2E8FCF002FB4AE /* ContentView.swift in Sources */,
				5F37110E2C2E8FCF002FB4AE /* UserLoginApp.swift in Sources */,
				5F37112F2C2EBB57002FB4AE /* SettingsRowView.swift in Sources */,
				5F3711312C2EBEE6002FB4AE /* User.swift in Sources */,
				5F37112B2C2EA5D5002FB4AE /* ForgotPasswordView.swift in Sources */,
				5F37112D2C2EB812002FB4AE /* ProfileView.swift in Sources */,
				5F3711292C2E9DC8002FB4AE /* RegistrationView.swift in Sources */,
			);
			runOnlyForDeploymentPostprocessing = 0;
		};
/* End PBXSourcesBuildPhase section */

/* Begin XCBuildConfiguration section */
		5F3711162C2E8FD1002FB4AE /* Debug */ = {
			isa = XCBuildConfiguration;
			buildSettings = {
				ALWAYS_SEARCH_USER_PATHS = NO;
				ASSETCATALOG_COMPILER_GENERATE_SWIFT_ASSET_SYMBOL_EXTENSIONS = YES;
				CLANG_ANALYZER_NONNULL = YES;
				CLANG_ANALYZER_NUMBER_OBJECT_CONVERSION = YES_AGGRESSIVE;
				CLANG_CXX_LANGUAGE_STANDARD = "gnu++20";
				CLANG_ENABLE_MODULES = YES;
				CLANG_ENABLE_OBJC_ARC = YES;
				CLANG_ENABLE_OBJC_WEAK = YES;
				CLANG_WARN_BLOCK_CAPTURE_AUTORELEASING = YES;
				CLANG_WARN_BOOL_CONVERSION = YES;
				CLANG_WARN_COMMA = YES;
				CLANG_WARN_CONSTANT_CONVERSION = YES;
				CLANG_WARN_DEPRECATED_OBJC_IMPLEMENTATIONS = YES;
				CLANG_WARN_DIRECT_OBJC_ISA_USAGE = YES_ERROR;
				CLANG_WARN_DOCUMENTATION_COMMENTS = YES;
				CLANG_WARN_EMPTY_BODY = YES;
				CLANG_WARN_ENUM_CONVERSION = YES;
				CLANG_WARN_INFINITE_RECURSION = YES;
				CLANG_WARN_INT_CONVERSION = YES;
				CLANG_WARN_NON_LITERAL_NULL_CONVERSION = YES;
				CLANG_WARN_OBJC_IMPLICIT_RETAIN_SELF = YES;
				CLANG_WARN_OBJC_LITERAL_CONVERSION = YES;
				CLANG_WARN_OBJC_ROOT_CLASS = YES_ERROR;
				CLANG_WARN_QUOTED_INCLUDE_IN_FRAMEWORK_HEADER = YES;
				CLANG_WARN_RANGE_LOOP_ANALYSIS = YES;
				CLANG_WARN_STRICT_PROTOTYPES = YES;
				CLANG_WARN_SUSPICIOUS_MOVE = YES;
				CLANG_WARN_UNGUARDED_AVAILABILITY = YES_AGGRESSIVE;
				CLANG_WARN_UNREACHABLE_CODE = YES;
				CLANG_WARN__DUPLICATE_METHOD_MATCH = YES;
				COPY_PHASE_STRIP = NO;
				DEBUG_INFORMATION_FORMAT = dwarf;
				ENABLE_STRICT_OBJC_MSGSEND = YES;
				ENABLE_TESTABILITY = YES;
				ENABLE_USER_SCRIPT_SANDBOXING = YES;
				GCC_C_LANGUAGE_STANDARD = gnu17;
				GCC_DYNAMIC_NO_PIC = NO;
				GCC_NO_COMMON_BLOCKS = YES;
				GCC_OPTIMIZATION_LEVEL = 0;
				GCC_PREPROCESSOR_DEFINITIONS = (
					"DEBUG=1",
					"$(inherited)",
				);
				GCC_WARN_64_TO_32_BIT_CONVERSION = YES;
				GCC_WARN_ABOUT_RETURN_TYPE = YES_ERROR;
				GCC_WARN_UNDECLARED_SELECTOR = YES;
				GCC_WARN_UNINITIALIZED_AUTOS = YES_AGGRESSIVE;
				GCC_WARN_UNUSED_FUNCTION = YES;
				GCC_WARN_UNUSED_VARIABLE = YES;
				IPHONEOS_DEPLOYMENT_TARGET = 17.5;
				LOCALIZATION_PREFERS_STRING_CATALOGS = YES;
				MTL_ENABLE_DEBUG_INFO = INCLUDE_SOURCE;
				MTL_FAST_MATH = YES;
				ONLY_ACTIVE_ARCH = YES;
				SDKROOT = iphoneos;
				SWIFT_ACTIVE_COMPILATION_CONDITIONS = "DEBUG $(inherited)";
				SWIFT_OPTIMIZATION_LEVEL = "-Onone";
			};
			name = Debug;
		};
		5F3711172C2E8FD1002FB4AE /* Release */ = {
			isa = XCBuildConfiguration;
			buildSettings = {
				ALWAYS_SEARCH_USER_PATHS = NO;
				ASSETCATALOG_COMPILER_GENERATE_SWIFT_ASSET_SYMBOL_EXTENSIONS = YES;
				CLANG_ANALYZER_NONNULL = YES;
				CLANG_ANALYZER_NUMBER_OBJECT_CONVERSION = YES_AGGRESSIVE;
				CLANG_CXX_LANGUAGE_STANDARD = "gnu++20";
				CLANG_ENABLE_MODULES = YES;
				CLANG_ENABLE_OBJC_ARC = YES;
				CLANG_ENABLE_OBJC_WEAK = YES;
				CLANG_WARN_BLOCK_CAPTURE_AUTORELEASING = YES;
				CLANG_WARN_BOOL_CONVERSION = YES;
				CLANG_WARN_COMMA = YES;
				CLANG_WARN_CONSTANT_CONVERSION = YES;
				CLANG_WARN_DEPRECATED_OBJC_IMPLEMENTATIONS = YES;
				CLANG_WARN_DIRECT_OBJC_ISA_USAGE = YES_ERROR;
				CLANG_WARN_DOCUMENTATION_COMMENTS = YES;
				CLANG_WARN_EMPTY_BODY = YES;
				CLANG_WARN_ENUM_CONVERSION = YES;
				CLANG_WARN_INFINITE_RECURSION = YES;
				CLANG_WARN_INT_CONVERSION = YES;
				CLANG_WARN_NON_LITERAL_NULL_CONVERSION = YES;
				CLANG_WARN_OBJC_IMPLICIT_RETAIN_SELF = YES;
				CLANG_WARN_OBJC_LITERAL_CONVERSION = YES;
				CLANG_WARN_OBJC_ROOT_CLASS = YES_ERROR;
				CLANG_WARN_QUOTED_INCLUDE_IN_FRAMEWORK_HEADER = YES;
				CLANG_WARN_RANGE_LOOP_ANALYSIS = YES;
				CLANG_WARN_STRICT_PROTOTYPES = YES;
				CLANG_WARN_SUSPICIOUS_MOVE = YES;
				CLANG_WARN_UNGUARDED_AVAILABILITY = YES_AGGRESSIVE;
				CLANG_WARN_UNREACHABLE_CODE = YES;
				CLANG_WARN__DUPLICATE_METHOD_MATCH = YES;
				COPY_PHASE_STRIP = NO;
				DEBUG_INFORMATION_FORMAT = "dwarf-with-dsym";
				ENABLE_NS_ASSERTIONS = NO;
				ENABLE_STRICT_OBJC_MSGSEND = YES;
				ENABLE_USER_SCRIPT_SANDBOXING = YES;
				GCC_C_LANGUAGE_STANDARD = gnu17;
				GCC_NO_COMMON_BLOCKS = YES;
				GCC_WARN_64_TO_32_BIT_CONVERSION = YES;
				GCC_WARN_ABOUT_RETURN_TYPE = YES_ERROR;
				GCC_WARN_UNDECLARED_SELECTOR = YES;
				GCC_WARN_UNINITIALIZED_AUTOS = YES_AGGRESSIVE;
				GCC_WARN_UNUSED_FUNCTION = YES;
				GCC_WARN_UNUSED_VARIABLE = YES;
				IPHONEOS_DEPLOYMENT_TARGET = 17.5;
				LOCALIZATION_PREFERS_STRING_CATALOGS = YES;
				MTL_ENABLE_DEBUG_INFO = NO;
				MTL_FAST_MATH = YES;
				SDKROOT = iphoneos;
				SWIFT_COMPILATION_MODE = wholemodule;
				VALIDATE_PRODUCT = YES;
			};
			name = Release;
		};
		5F3711192C2E8FD1002FB4AE /* Debug */ = {
			isa = XCBuildConfiguration;
			buildSettings = {
				ASSETCATALOG_COMPILER_APPICON_NAME = AppIcon;
				ASSETCATALOG_COMPILER_GLOBAL_ACCENT_COLOR_NAME = AccentColor;
				CODE_SIGN_STYLE = Automatic;
				CURRENT_PROJECT_VERSION = 1;
				DEVELOPMENT_ASSET_PATHS = "\"UserLogin/Preview Content\"";
				ENABLE_PREVIEWS = YES;
				GENERATE_INFOPLIST_FILE = YES;
				INFOPLIST_KEY_UIApplicationSceneManifest_Generation = YES;
				INFOPLIST_KEY_UIApplicationSupportsIndirectInputEvents = YES;
				INFOPLIST_KEY_UILaunchScreen_Generation = YES;
				INFOPLIST_KEY_UISupportedInterfaceOrientations_iPad = "UIInterfaceOrientationPortrait UIInterfaceOrientationPortraitUpsideDown UIInterfaceOrientationLandscapeLeft UIInterfaceOrientationLandscapeRight";
				INFOPLIST_KEY_UISupportedInterfaceOrientations_iPhone = "UIInterfaceOrientationPortrait UIInterfaceOrientationLandscapeLeft UIInterfaceOrientationLandscapeRight";
				LD_RUNPATH_SEARCH_PATHS = (
					"$(inherited)",
					"@executable_path/Frameworks",
				);
				MARKETING_VERSION = 1.0;
				PRODUCT_BUNDLE_IDENTIFIER = com.lxmn.UserLogin;
				PRODUCT_NAME = "$(TARGET_NAME)";
				SWIFT_EMIT_LOC_STRINGS = YES;
				SWIFT_VERSION = 5.0;
				TARGETED_DEVICE_FAMILY = "1,2";
			};
			name = Debug;
		};
		5F37111A2C2E8FD1002FB4AE /* Release */ = {
			isa = XCBuildConfiguration;
			buildSettings = {
				ASSETCATALOG_COMPILER_APPICON_NAME = AppIcon;
				ASSETCATALOG_COMPILER_GLOBAL_ACCENT_COLOR_NAME = AccentColor;
				CODE_SIGN_STYLE = Automatic;
				CURRENT_PROJECT_VERSION = 1;
				DEVELOPMENT_ASSET_PATHS = "\"UserLogin/Preview Content\"";
				ENABLE_PREVIEWS = YES;
				GENERATE_INFOPLIST_FILE = YES;
				INFOPLIST_KEY_UIApplicationSceneManifest_Generation = YES;
				INFOPLIST_KEY_UIApplicationSupportsIndirectInputEvents = YES;
				INFOPLIST_KEY_UILaunchScreen_Generation = YES;
				INFOPLIST_KEY_UISupportedInterfaceOrientations_iPad = "UIInterfaceOrientationPortrait UIInterfaceOrientationPortraitUpsideDown UIInterfaceOrientationLandscapeLeft UIInterfaceOrientationLandscapeRight";
				INFOPLIST_KEY_UISupportedInterfaceOrientations_iPhone = "UIInterfaceOrientationPortrait UIInterfaceOrientationLandscapeLeft UIInterfaceOrientationLandscapeRight";
				LD_RUNPATH_SEARCH_PATHS = (
					"$(inherited)",
					"@executable_path/Frameworks",
				);
				MARKETING_VERSION = 1.0;
				PRODUCT_BUNDLE_IDENTIFIER = com.lxmn.UserLogin;
				PRODUCT_NAME = "$(TARGET_NAME)";
				SWIFT_EMIT_LOC_STRINGS = YES;
				SWIFT_VERSION = 5.0;
				TARGETED_DEVICE_FAMILY = "1,2";
			};
			name = Release;
		};
/* End XCBuildConfiguration section */

/* Begin XCConfigurationList section */
		5F3711052C2E8FCF002FB4AE /* Build configuration list for PBXProject "UserLogin" */ = {
			isa = XCConfigurationList;
			buildConfigurations = (
				5F3711162C2E8FD1002FB4AE /* Debug */,
				5F3711172C2E8FD1002FB4AE /* Release */,
			);
			defaultConfigurationIsVisible = 0;
			defaultConfigurationName = Release;
		};
		5F3711182C2E8FD1002FB4AE /* Build configuration list for PBXNativeTarget "UserLogin" */ = {
			isa = XCConfigurationList;
			buildConfigurations = (
				5F3711192C2E8FD1002FB4AE /* Debug */,
				5F37111A2C2E8FD1002FB4AE /* Release */,
			);
			defaultConfigurationIsVisible = 0;
			defaultConfigurationName = Release;
		};
/* End XCConfigurationList section */
	};
	rootObject = 5F3711022C2E8FCF002FB4AE /* Project object */;
}
