// !$*UTF8*$!
{
	archiveVersion = 1;
	classes = {
	};
	objectVersion = 56;
	objects = {

/* Begin PBXBuildFile section */
		5F2C11912B331F86003DF4BE /* PostCardView.swift in Sources */ = {isa = PBXBuildFile; fileRef = 5F2C11902B331F86003DF4BE /* PostCardView.swift */; };
		5F2C11932B332665003DF4BE /* ProfileAndPostView.swift in Sources */ = {isa = PBXBuildFile; fileRef = 5F2C11922B332665003DF4BE /* ProfileAndPostView.swift */; };
		5F2C11952B332DC6003DF4BE /* PostView.swift in Sources */ = {isa = PBXBuildFile; fileRef = 5F2C11942B332DC6003DF4BE /* PostView.swift */; };
		5F9E95052B33560C00DFC5A4 /* HomeScreen.swift in Sources */ = {isa = PBXBuildFile; fileRef = 5F9E95042B33560C00DFC5A4 /* HomeScreen.swift */; };
		5FF443EB2B3213AE001D2B8F /* LinkedInUIApp.swift in Sources */ = {isa = PBXBuildFile; fileRef = 5FF443EA2B3213AE001D2B8F /* LinkedInUIApp.swift */; };
		5FF443ED2B3213AE001D2B8F /* ContentView.swift in Sources */ = {isa = PBXBuildFile; fileRef = 5FF443EC2B3213AE001D2B8F /* ContentView.swift */; };
		5FF443EF2B3213AF001D2B8F /* Assets.xcassets in Resources */ = {isa = PBXBuildFile; fileRef = 5FF443EE2B3213AF001D2B8F /* Assets.xcassets */; };
		5FF443F22B3213AF001D2B8F /* Preview Assets.xcassets in Resources */ = {isa = PBXBuildFile; fileRef = 5FF443F12B3213AF001D2B8F /* Preview Assets.xcassets */; };
		5FF443FA2B3214D8001D2B8F /* SearchBarView.swift in Sources */ = {isa = PBXBuildFile; fileRef = 5FF443F92B3214D8001D2B8F /* SearchBarView.swift */; };
		5FF443FD2B321A5D001D2B8F /* PostModel.swift in Sources */ = {isa = PBXBuildFile; fileRef = 5FF443FC2B321A5D001D2B8F /* PostModel.swift */; };
		5FF443FF2B321A6E001D2B8F /* NetworkModel.swift in Sources */ = {isa = PBXBuildFile; fileRef = 5FF443FE2B321A6E001D2B8F /* NetworkModel.swift */; };
		5FF444012B321C1C001D2B8F /* InvitationView.swift in Sources */ = {isa = PBXBuildFile; fileRef = 5FF444002B321C1C001D2B8F /* InvitationView.swift */; };
		5FF444032B3226D8001D2B8F /* MyNetworkScreen.swift in Sources */ = {isa = PBXBuildFile; fileRef = 5FF444022B3226D7001D2B8F /* MyNetworkScreen.swift */; };
/* End PBXBuildFile section */

/* Begin PBXFileReference section */
		5F2C11902B331F86003DF4BE /* PostCardView.swift */ = {isa = PBXFileReference; lastKnownFileType = sourcecode.swift; path = PostCardView.swift; sourceTree = "<group>"; };
		5F2C11922B332665003DF4BE /* ProfileAndPostView.swift */ = {isa = PBXFileReference; lastKnownFileType = sourcecode.swift; path = ProfileAndPostView.swift; sourceTree = "<group>"; };
		5F2C11942B332DC6003DF4BE /* PostView.swift */ = {isa = PBXFileReference; lastKnownFileType = sourcecode.swift; path = PostView.swift; sourceTree = "<group>"; };
		5F9E95042B33560C00DFC5A4 /* HomeScreen.swift */ = {isa = PBXFileReference; lastKnownFileType = sourcecode.swift; path = HomeScreen.swift; sourceTree = "<group>"; };
		5FF443E72B3213AE001D2B8F /* LinkedInUI.app */ = {isa = PBXFileReference; explicitFileType = wrapper.application; includeInIndex = 0; path = LinkedInUI.app; sourceTree = BUILT_PRODUCTS_DIR; };
		5FF443EA2B3213AE001D2B8F /* LinkedInUIApp.swift */ = {isa = PBXFileReference; lastKnownFileType = sourcecode.swift; path = LinkedInUIApp.swift; sourceTree = "<group>"; };
		5FF443EC2B3213AE001D2B8F /* ContentView.swift */ = {isa = PBXFileReference; lastKnownFileType = sourcecode.swift; path = ContentView.swift; sourceTree = "<group>"; };
		5FF443EE2B3213AF001D2B8F /* Assets.xcassets */ = {isa = PBXFileReference; lastKnownFileType = folder.assetcatalog; path = Assets.xcassets; sourceTree = "<group>"; };
		5FF443F12B3213AF001D2B8F /* Preview Assets.xcassets */ = {isa = PBXFileReference; lastKnownFileType = folder.assetcatalog; path = "Preview Assets.xcassets"; sourceTree = "<group>"; };
		5FF443F92B3214D8001D2B8F /* SearchBarView.swift */ = {isa = PBXFileReference; lastKnownFileType = sourcecode.swift; path = SearchBarView.swift; sourceTree = "<group>"; };
		5FF443FC2B321A5D001D2B8F /* PostModel.swift */ = {isa = PBXFileReference; lastKnownFileType = sourcecode.swift; path = PostModel.swift; sourceTree = "<group>"; };
		5FF443FE2B321A6E001D2B8F /* NetworkModel.swift */ = {isa = PBXFileReference; lastKnownFileType = sourcecode.swift; path = NetworkModel.swift; sourceTree = "<group>"; };
		5FF444002B321C1C001D2B8F /* InvitationView.swift */ = {isa = PBXFileReference; lastKnownFileType = sourcecode.swift; path = InvitationView.swift; sourceTree = "<group>"; xcLanguageSpecificationIdentifier = xcode.lang.swift; };
		5FF444022B3226D7001D2B8F /* MyNetworkScreen.swift */ = {isa = PBXFileReference; lastKnownFileType = sourcecode.swift; path = MyNetworkScreen.swift; sourceTree = "<group>"; };
/* End PBXFileReference section */

/* Begin PBXFrameworksBuildPhase section */
		5FF443E42B3213AE001D2B8F /* Frameworks */ = {
			isa = PBXFrameworksBuildPhase;
			buildActionMask = 2147483647;
			files = (
			);
			runOnlyForDeploymentPostprocessing = 0;
		};
/* End PBXFrameworksBuildPhase section */

/* Begin PBXGroup section */
		5FF443DE2B3213AD001D2B8F = {
			isa = PBXGroup;
			children = (
				5FF443E92B3213AE001D2B8F /* LinkedInUI */,
				5FF443E82B3213AE001D2B8F /* Products */,
			);
			sourceTree = "<group>";
		};
		5FF443E82B3213AE001D2B8F /* Products */ = {
			isa = PBXGroup;
			children = (
				5FF443E72B3213AE001D2B8F /* LinkedInUI.app */,
			);
			name = Products;
			sourceTree = "<group>";
		};
		5FF443E92B3213AE001D2B8F /* LinkedInUI */ = {
			isa = PBXGroup;
			children = (
				5FF443FB2B321A41001D2B8F /* Models */,
				5FF443F82B3214A3001D2B8F /* Views */,
				5FF443EA2B3213AE001D2B8F /* LinkedInUIApp.swift */,
				5FF443EC2B3213AE001D2B8F /* ContentView.swift */,
				5FF443EE2B3213AF001D2B8F /* Assets.xcassets */,
				5FF443F02B3213AF001D2B8F /* Preview Content */,
			);
			path = LinkedInUI;
			sourceTree = "<group>";
		};
		5FF443F02B3213AF001D2B8F /* Preview Content */ = {
			isa = PBXGroup;
			children = (
				5FF443F12B3213AF001D2B8F /* Preview Assets.xcassets */,
			);
			path = "Preview Content";
			sourceTree = "<group>";
		};
		5FF443F82B3214A3001D2B8F /* Views */ = {
			isa = PBXGroup;
			children = (
				5FF443F92B3214D8001D2B8F /* SearchBarView.swift */,
				5FF444002B321C1C001D2B8F /* InvitationView.swift */,
				5FF444022B3226D7001D2B8F /* MyNetworkScreen.swift */,
				5F2C11902B331F86003DF4BE /* PostCardView.swift */,
				5F2C11922B332665003DF4BE /* ProfileAndPostView.swift */,
				5F2C11942B332DC6003DF4BE /* PostView.swift */,
				5F9E95042B33560C00DFC5A4 /* HomeScreen.swift */,
			);
			path = Views;
			sourceTree = "<group>";
		};
		5FF443FB2B321A41001D2B8F /* Models */ = {
			isa = PBXGroup;
			children = (
				5FF443FC2B321A5D001D2B8F /* PostModel.swift */,
				5FF443FE2B321A6E001D2B8F /* NetworkModel.swift */,
			);
			path = Models;
			sourceTree = "<group>";
		};
/* End PBXGroup section */

/* Begin PBXNativeTarget section */
		5FF443E62B3213AE001D2B8F /* LinkedInUI */ = {
			isa = PBXNativeTarget;
			buildConfigurationList = 5FF443F52B3213AF001D2B8F /* Build configuration list for PBXNativeTarget "LinkedInUI" */;
			buildPhases = (
				5FF443E32B3213AE001D2B8F /* Sources */,
				5FF443E42B3213AE001D2B8F /* Frameworks */,
				5FF443E52B3213AE001D2B8F /* Resources */,
			);
			buildRules = (
			);
			dependencies = (
			);
			name = LinkedInUI;
			productName = LinkedInUI;
			productReference = 5FF443E72B3213AE001D2B8F /* LinkedInUI.app */;
			productType = "com.apple.product-type.application";
		};
/* End PBXNativeTarget section */

/* Begin PBXProject section */
		5FF443DF2B3213AD001D2B8F /* Project object */ = {
			isa = PBXProject;
			attributes = {
				BuildIndependentTargetsInParallel = 1;
				LastSwiftUpdateCheck = 1500;
				LastUpgradeCheck = 1500;
				TargetAttributes = {
					5FF443E62B3213AE001D2B8F = {
						CreatedOnToolsVersion = 15.0.1;
					};
				};
			};
			buildConfigurationList = 5FF443E22B3213AD001D2B8F /* Build configuration list for PBXProject "LinkedInUI" */;
			compatibilityVersion = "Xcode 14.0";
			developmentRegion = en;
			hasScannedForEncodings = 0;
			knownRegions = (
				en,
				Base,
			);
			mainGroup = 5FF443DE2B3213AD001D2B8F;
			productRefGroup = 5FF443E82B3213AE001D2B8F /* Products */;
			projectDirPath = "";
			projectRoot = "";
			targets = (
				5FF443E62B3213AE001D2B8F /* LinkedInUI */,
			);
		};
/* End PBXProject section */

/* Begin PBXResourcesBuildPhase section */
		5FF443E52B3213AE001D2B8F /* Resources */ = {
			isa = PBXResourcesBuildPhase;
			buildActionMask = 2147483647;
			files = (
				5FF443F22B3213AF001D2B8F /* Preview Assets.xcassets in Resources */,
				5FF443EF2B3213AF001D2B8F /* Assets.xcassets in Resources */,
			);
			runOnlyForDeploymentPostprocessing = 0;
		};
/* End PBXResourcesBuildPhase section */

/* Begin PBXSourcesBuildPhase section */
		5FF443E32B3213AE001D2B8F /* Sources */ = {
			isa = PBXSourcesBuildPhase;
			buildActionMask = 2147483647;
			files = (
				5F2C11912B331F86003DF4BE /* PostCardView.swift in Sources */,
				5F2C11932B332665003DF4BE /* ProfileAndPostView.swift in Sources */,
				5FF443ED2B3213AE001D2B8F /* ContentView.swift in Sources */,
				5FF443FD2B321A5D001D2B8F /* PostModel.swift in Sources */,
				5F9E95052B33560C00DFC5A4 /* HomeScreen.swift in Sources */,
				5FF443FA2B3214D8001D2B8F /* SearchBarView.swift in Sources */,
				5FF443FF2B321A6E001D2B8F /* NetworkModel.swift in Sources */,
				5FF443EB2B3213AE001D2B8F /* LinkedInUIApp.swift in Sources */,
				5FF444012B321C1C001D2B8F /* InvitationView.swift in Sources */,
				5F2C11952B332DC6003DF4BE /* PostView.swift in Sources */,
				5FF444032B3226D8001D2B8F /* MyNetworkScreen.swift in Sources */,
			);
			runOnlyForDeploymentPostprocessing = 0;
		};
/* End PBXSourcesBuildPhase section */

/* Begin XCBuildConfiguration section */
		5FF443F32B3213AF001D2B8F /* Debug */ = {
			isa = XCBuildConfiguration;
			buildSettings = {
				ALWAYS_SEARCH_USER_PATHS = NO;
				ASSETCATALOG_COMPILER_GENERATE_SWIFT_ASSET_SYMBOL_EXTENSIONS = YES;
				CLANG_ANALYZER_NONNULL = YES;
				CLANG_ANALYZER_NUMBER_OBJECT_CONVERSION = YES_AGGRESSIVE;
				CLANG_CXX_LANGUAGE_STANDARD = "gnu++20";
				CLANG_ENABLE_MODULES = YES;
				CLANG_ENABLE_OBJC_ARC = YES;
				CLANG_ENABLE_OBJC_WEAK = YES;
				CLANG_WARN_BLOCK_CAPTURE_AUTORELEASING = YES;
				CLANG_WARN_BOOL_CONVERSION = YES;
				CLANG_WARN_COMMA = YES;
				CLANG_WARN_CONSTANT_CONVERSION = YES;
				CLANG_WARN_DEPRECATED_OBJC_IMPLEMENTATIONS = YES;
				CLANG_WARN_DIRECT_OBJC_ISA_USAGE = YES_ERROR;
				CLANG_WARN_DOCUMENTATION_COMMENTS = YES;
				CLANG_WARN_EMPTY_BODY = YES;
				CLANG_WARN_ENUM_CONVERSION = YES;
				CLANG_WARN_INFINITE_RECURSION = YES;
				CLANG_WARN_INT_CONVERSION = YES;
				CLANG_WARN_NON_LITERAL_NULL_CONVERSION = YES;
				CLANG_WARN_OBJC_IMPLICIT_RETAIN_SELF = YES;
				CLANG_WARN_OBJC_LITERAL_CONVERSION = YES;
				CLANG_WARN_OBJC_ROOT_CLASS = YES_ERROR;
				CLANG_WARN_QUOTED_INCLUDE_IN_FRAMEWORK_HEADER = YES;
				CLANG_WARN_RANGE_LOOP_ANALYSIS = YES;
				CLANG_WARN_STRICT_PROTOTYPES = YES;
				CLANG_WARN_SUSPICIOUS_MOVE = YES;
				CLANG_WARN_UNGUARDED_AVAILABILITY = YES_AGGRESSIVE;
				CLANG_WARN_UNREACHABLE_CODE = YES;
				CLANG_WARN__DUPLICATE_METHOD_MATCH = YES;
				COPY_PHASE_STRIP = NO;
				DEBUG_INFORMATION_FORMAT = dwarf;
				ENABLE_STRICT_OBJC_MSGSEND = YES;
				ENABLE_TESTABILITY = YES;
				ENABLE_USER_SCRIPT_SANDBOXING = YES;
				GCC_C_LANGUAGE_STANDARD = gnu17;
				GCC_DYNAMIC_NO_PIC = NO;
				GCC_NO_COMMON_BLOCKS = YES;
				GCC_OPTIMIZATION_LEVEL = 0;
				GCC_PREPROCESSOR_DEFINITIONS = (
					"DEBUG=1",
					"$(inherited)",
				);
				GCC_WARN_64_TO_32_BIT_CONVERSION = YES;
				GCC_WARN_ABOUT_RETURN_TYPE = YES_ERROR;
				GCC_WARN_UNDECLARED_SELECTOR = YES;
				GCC_WARN_UNINITIALIZED_AUTOS = YES_AGGRESSIVE;
				GCC_WARN_UNUSED_FUNCTION = YES;
				GCC_WARN_UNUSED_VARIABLE = YES;
				IPHONEOS_DEPLOYMENT_TARGET = 17.0;
				LOCALIZATION_PREFERS_STRING_CATALOGS = YES;
				MTL_ENABLE_DEBUG_INFO = INCLUDE_SOURCE;
				MTL_FAST_MATH = YES;
				ONLY_ACTIVE_ARCH = YES;
				SDKROOT = iphoneos;
				SWIFT_ACTIVE_COMPILATION_CONDITIONS = "DEBUG $(inherited)";
				SWIFT_OPTIMIZATION_LEVEL = "-Onone";
			};
			name = Debug;
		};
		5FF443F42B3213AF001D2B8F /* Release */ = {
			isa = XCBuildConfiguration;
			buildSettings = {
				ALWAYS_SEARCH_USER_PATHS = NO;
				ASSETCATALOG_COMPILER_GENERATE_SWIFT_ASSET_SYMBOL_EXTENSIONS = YES;
				CLANG_ANALYZER_NONNULL = YES;
				CLANG_ANALYZER_NUMBER_OBJECT_CONVERSION = YES_AGGRESSIVE;
				CLANG_CXX_LANGUAGE_STANDARD = "gnu++20";
				CLANG_ENABLE_MODULES = YES;
				CLANG_ENABLE_OBJC_ARC = YES;
				CLANG_ENABLE_OBJC_WEAK = YES;
				CLANG_WARN_BLOCK_CAPTURE_AUTORELEASING = YES;
				CLANG_WARN_BOOL_CONVERSION = YES;
				CLANG_WARN_COMMA = YES;
				CLANG_WARN_CONSTANT_CONVERSION = YES;
				CLANG_WARN_DEPRECATED_OBJC_IMPLEMENTATIONS = YES;
				CLANG_WARN_DIRECT_OBJC_ISA_USAGE = YES_ERROR;
				CLANG_WARN_DOCUMENTATION_COMMENTS = YES;
				CLANG_WARN_EMPTY_BODY = YES;
				CLANG_WARN_ENUM_CONVERSION = YES;
				CLANG_WARN_INFINITE_RECURSION = YES;
				CLANG_WARN_INT_CONVERSION = YES;
				CLANG_WARN_NON_LITERAL_NULL_CONVERSION = YES;
				CLANG_WARN_OBJC_IMPLICIT_RETAIN_SELF = YES;
				CLANG_WARN_OBJC_LITERAL_CONVERSION = YES;
				CLANG_WARN_OBJC_ROOT_CLASS = YES_ERROR;
				CLANG_WARN_QUOTED_INCLUDE_IN_FRAMEWORK_HEADER = YES;
				CLANG_WARN_RANGE_LOOP_ANALYSIS = YES;
				CLANG_WARN_STRICT_PROTOTYPES = YES;
				CLANG_WARN_SUSPICIOUS_MOVE = YES;
				CLANG_WARN_UNGUARDED_AVAILABILITY = YES_AGGRESSIVE;
				CLANG_WARN_UNREACHABLE_CODE = YES;
				CLANG_WARN__DUPLICATE_METHOD_MATCH = YES;
				COPY_PHASE_STRIP = NO;
				DEBUG_INFORMATION_FORMAT = "dwarf-with-dsym";
				ENABLE_NS_ASSERTIONS = NO;
				ENABLE_STRICT_OBJC_MSGSEND = YES;
				ENABLE_USER_SCRIPT_SANDBOXING = YES;
				GCC_C_LANGUAGE_STANDARD = gnu17;
				GCC_NO_COMMON_BLOCKS = YES;
				GCC_WARN_64_TO_32_BIT_CONVERSION = YES;
				GCC_WARN_ABOUT_RETURN_TYPE = YES_ERROR;
				GCC_WARN_UNDECLARED_SELECTOR = YES;
				GCC_WARN_UNINITIALIZED_AUTOS = YES_AGGRESSIVE;
				GCC_WARN_UNUSED_FUNCTION = YES;
				GCC_WARN_UNUSED_VARIABLE = YES;
				IPHONEOS_DEPLOYMENT_TARGET = 17.0;
				LOCALIZATION_PREFERS_STRING_CATALOGS = YES;
				MTL_ENABLE_DEBUG_INFO = NO;
				MTL_FAST_MATH = YES;
				SDKROOT = iphoneos;
				SWIFT_COMPILATION_MODE = wholemodule;
				VALIDATE_PRODUCT = YES;
			};
			name = Release;
		};
		5FF443F62B3213AF001D2B8F /* Debug */ = {
			isa = XCBuildConfiguration;
			buildSettings = {
				ASSETCATALOG_COMPILER_APPICON_NAME = AppIcon;
				ASSETCATALOG_COMPILER_GLOBAL_ACCENT_COLOR_NAME = AccentColor;
				CODE_SIGN_STYLE = Automatic;
				CURRENT_PROJECT_VERSION = 1;
				DEVELOPMENT_ASSET_PATHS = "\"LinkedInUI/Preview Content\"";
				ENABLE_PREVIEWS = YES;
				GENERATE_INFOPLIST_FILE = YES;
				INFOPLIST_KEY_UIApplicationSceneManifest_Generation = YES;
				INFOPLIST_KEY_UIApplicationSupportsIndirectInputEvents = YES;
				INFOPLIST_KEY_UILaunchScreen_Generation = YES;
				INFOPLIST_KEY_UISupportedInterfaceOrientations_iPad = "UIInterfaceOrientationPortrait UIInterfaceOrientationPortraitUpsideDown UIInterfaceOrientationLandscapeLeft UIInterfaceOrientationLandscapeRight";
				INFOPLIST_KEY_UISupportedInterfaceOrientations_iPhone = "UIInterfaceOrientationPortrait UIInterfaceOrientationLandscapeLeft UIInterfaceOrientationLandscapeRight";
				LD_RUNPATH_SEARCH_PATHS = (
					"$(inherited)",
					"@executable_path/Frameworks",
				);
				MARKETING_VERSION = 1.0;
				PRODUCT_BUNDLE_IDENTIFIER = com.lxmn.LinkedInUI;
				PRODUCT_NAME = "$(TARGET_NAME)";
				SWIFT_EMIT_LOC_STRINGS = YES;
				SWIFT_VERSION = 5.0;
				TARGETED_DEVICE_FAMILY = "1,2";
			};
			name = Debug;
		};
		5FF443F72B3213AF001D2B8F /* Release */ = {
			isa = XCBuildConfiguration;
			buildSettings = {
				ASSETCATALOG_COMPILER_APPICON_NAME = AppIcon;
				ASSETCATALOG_COMPILER_GLOBAL_ACCENT_COLOR_NAME = AccentColor;
				CODE_SIGN_STYLE = Automatic;
				CURRENT_PROJECT_VERSION = 1;
				DEVELOPMENT_ASSET_PATHS = "\"LinkedInUI/Preview Content\"";
				ENABLE_PREVIEWS = YES;
				GENERATE_INFOPLIST_FILE = YES;
				INFOPLIST_KEY_UIApplicationSceneManifest_Generation = YES;
				INFOPLIST_KEY_UIApplicationSupportsIndirectInputEvents = YES;
				INFOPLIST_KEY_UILaunchScreen_Generation = YES;
				INFOPLIST_KEY_UISupportedInterfaceOrientations_iPad = "UIInterfaceOrientationPortrait UIInterfaceOrientationPortraitUpsideDown UIInterfaceOrientationLandscapeLeft UIInterfaceOrientationLandscapeRight";
				INFOPLIST_KEY_UISupportedInterfaceOrientations_iPhone = "UIInterfaceOrientationPortrait UIInterfaceOrientationLandscapeLeft UIInterfaceOrientationLandscapeRight";
				LD_RUNPATH_SEARCH_PATHS = (
					"$(inherited)",
					"@executable_path/Frameworks",
				);
				MARKETING_VERSION = 1.0;
				PRODUCT_BUNDLE_IDENTIFIER = com.lxmn.LinkedInUI;
				PRODUCT_NAME = "$(TARGET_NAME)";
				SWIFT_EMIT_LOC_STRINGS = YES;
				SWIFT_VERSION = 5.0;
				TARGETED_DEVICE_FAMILY = "1,2";
			};
			name = Release;
		};
/* End XCBuildConfiguration section */

/* Begin XCConfigurationList section */
		5FF443E22B3213AD001D2B8F /* Build configuration list for PBXProject "LinkedInUI" */ = {
			isa = XCConfigurationList;
			buildConfigurations = (
				5FF443F32B3213AF001D2B8F /* Debug */,
				5FF443F42B3213AF001D2B8F /* Release */,
			);
			defaultConfigurationIsVisible = 0;
			defaultConfigurationName = Release;
		};
		5FF443F52B3213AF001D2B8F /* Build configuration list for PBXNativeTarget "LinkedInUI" */ = {
			isa = XCConfigurationList;
			buildConfigurations = (
				5FF443F62B3213AF001D2B8F /* Debug */,
				5FF443F72B3213AF001D2B8F /* Release */,
			);
			defaultConfigurationIsVisible = 0;
			defaultConfigurationName = Release;
		};
/* End XCConfigurationList section */
	};
	rootObject = 5FF443DF2B3213AD001D2B8F /* Project object */;
}
